
Microsoft Visual Studio Solution File, Format Version 12.00
# Visual Studio 15
VisualStudioVersion = 15.0.27130.2020
MinimumVisualStudioVersion = 10.0.40219.1
Project("{FAE04EC0-301F-11D3-BF4B-00C04F79EFBC}") = "Tests", "Source\Tests\Tests.csproj", "{7E614795-A8D2-4E3B-847C-3443D1B81154}"
EndProject
Project("{FAE04EC0-301F-11D3-BF4B-00C04F79EFBC}") = "AGS.API", "Source\AGS.API\AGS.API.csproj", "{8A8CCA2E-D708-4668-B539-FECFFF8DDDB7}"
EndProject
Project("{FAE04EC0-301F-11D3-BF4B-00C04F79EFBC}") = "AGS.Engine.Desktop", "Source\Engine\AGS.Engine.Desktop\AGS.Engine.Desktop.csproj", "{1C51A706-4D2C-49D4-972F-CB5075324F5F}"
EndProject
Project("{FAE04EC0-301F-11D3-BF4B-00C04F79EFBC}") = "AGS.Engine", "Source\Engine\AGS.Engine\AGS.Engine.csproj", "{6BEEC517-011A-441E-8A2F-D9461806A879}"
EndProject
Project("{FAE04EC0-301F-11D3-BF4B-00C04F79EFBC}") = "AGS.Engine.Android", "Source\Engine\AGS.Engine.Android\AGS.Engine.Android.csproj", "{6A2504D8-3C7F-485E-9793-A51989C6B2B6}"
EndProject
Project("{FAE04EC0-301F-11D3-BF4B-00C04F79EFBC}") = "DemoQuest.iOS", "Source\Demo\iOS\DemoQuest.iOS.csproj", "{4CFB5682-347B-44F4-B592-92FED4DE57BA}"
EndProject
Project("{FAE04EC0-301F-11D3-BF4B-00C04F79EFBC}") = "DemoQuest.Droid", "Source\Demo\Droid\DemoQuest.Droid.csproj", "{ED5CC880-E60B-452E-AACF-E61ED81504B3}"
EndProject
Project("{D954291E-2A0B-460D-934E-DC6B0785DB48}") = "DemoQuest", "Source\Demo\DemoQuest\DemoQuest.shproj", "{9C80E5AC-7047-435B-8A42-01E9FD6519BF}"
EndProject
Project("{FAE04EC0-301F-11D3-BF4B-00C04F79EFBC}") = "DemoQuest.Desktop", "Source\Demo\DemoQuest.Desktop\DemoQuest.Desktop.csproj", "{98152D72-EBE6-4202-810F-79D39058FB4F}"
EndProject
Project("{2150E333-8FDC-42A3-9474-1A3956D46DE8}") = "Demo", "Demo", "{8F78C1CA-46EE-4DA6-8C5E-46CB5306ABFE}"
EndProject
Project("{2150E333-8FDC-42A3-9474-1A3956D46DE8}") = "Engine", "Engine", "{20EEBD7A-005B-4230-81B5-2B83B6390840}"
EndProject
Project("{2150E333-8FDC-42A3-9474-1A3956D46DE8}") = "Editor", "Editor", "{C3CAB26E-B5C5-441F-ABA4-DDAF8E5C5CBA}"
EndProject
Project("{D954291E-2A0B-460D-934E-DC6B0785DB48}") = "AGS.Editor", "Source\Editor\AGS.Editor\AGS.Editor.shproj", "{2391EE55-B702-4B11-B164-1963621F1161}"
EndProject
Project("{FAE04EC0-301F-11D3-BF4B-00C04F79EFBC}") = "AGS.Editor.Desktop", "Source\Editor\AGS.Editor.Desktop\AGS.Editor.Desktop.csproj", "{BFB62B1A-8E55-4EA9-84E9-23B02240A4A2}"
EndProject
Project("{FAE04EC0-301F-11D3-BF4B-00C04F79EFBC}") = "AGS.Engine.IOS", "Source\Engine\AGS.Engine.IOS\AGS.Engine.IOS.csproj", "{2C72EB5A-14C6-4CB5-A7EA-EF5AA329DEEE}"
EndProject
Project("{2150E333-8FDC-42A3-9474-1A3956D46DE8}") = "Solution Items", "Solution Items", "{42CB76F4-B29A-4D8F-8055-58EBA6A53BBB}"
	ProjectSection(SolutionItems) = preProject
		.editorconfig = .editorconfig
	EndProjectSection
EndProject
Project("{FAE04EC0-301F-11D3-BF4B-00C04F79EFBC}") = "DemoQuest.UITests", "Source\Demo\UITests\DemoQuest.UITests.csproj", "{2A4114C9-B9B7-41FD-A0EF-EC77AD65DCC1}"
EndProject
Global
	GlobalSection(SharedMSBuildProjectFiles) = preSolution
		Source\Editor\AGS.Editor\AGS.Editor.projitems*{2391ee55-b702-4b11-b164-1963621f1161}*SharedItemsImports = 13
		Source\Demo\DemoQuest\DemoQuest.projitems*{4cfb5682-347b-44f4-b592-92fed4de57ba}*SharedItemsImports = 4
		Source\Demo\DemoQuest\DemoQuest.projitems*{98152d72-ebe6-4202-810f-79d39058fb4f}*SharedItemsImports = 4
		Source\Demo\DemoQuest\DemoQuest.projitems*{9c80e5ac-7047-435b-8a42-01e9fd6519bf}*SharedItemsImports = 13
		Source\Editor\AGS.Editor\AGS.Editor.projitems*{bfb62b1a-8e55-4ea9-84e9-23b02240a4a2}*SharedItemsImports = 4
		Source\Demo\DemoQuest\DemoQuest.projitems*{ed5cc880-e60b-452e-aacf-e61ed81504b3}*SharedItemsImports = 4
	EndGlobalSection
	GlobalSection(SolutionConfigurationPlatforms) = preSolution
		AndroidRelease|Any CPU = AndroidRelease|Any CPU
		AndroidRelease|ARM = AndroidRelease|ARM
		AndroidRelease|iPhone = AndroidRelease|iPhone
		AndroidRelease|iPhoneSimulator = AndroidRelease|iPhoneSimulator
		AndroidRelease|x64 = AndroidRelease|x64
		AndroidRelease|x86 = AndroidRelease|x86
		Debug|Any CPU = Debug|Any CPU
		Debug|ARM = Debug|ARM
		Debug|iPhone = Debug|iPhone
		Debug|iPhoneSimulator = Debug|iPhoneSimulator
		Debug|x64 = Debug|x64
		Debug|x86 = Debug|x86
		DesktopRelease|Any CPU = DesktopRelease|Any CPU
		DesktopRelease|ARM = DesktopRelease|ARM
		DesktopRelease|iPhone = DesktopRelease|iPhone
		DesktopRelease|iPhoneSimulator = DesktopRelease|iPhoneSimulator
		DesktopRelease|x64 = DesktopRelease|x64
		DesktopRelease|x86 = DesktopRelease|x86
		DOCS|Any CPU = DOCS|Any CPU
		DOCS|ARM = DOCS|ARM
		DOCS|iPhone = DOCS|iPhone
		DOCS|iPhoneSimulator = DOCS|iPhoneSimulator
		DOCS|x64 = DOCS|x64
		DOCS|x86 = DOCS|x86
		Release|Any CPU = Release|Any CPU
		Release|ARM = Release|ARM
		Release|iPhone = Release|iPhone
		Release|iPhoneSimulator = Release|iPhoneSimulator
		Release|x64 = Release|x64
		Release|x86 = Release|x86
	EndGlobalSection
	GlobalSection(ProjectConfigurationPlatforms) = postSolution
		{7E614795-A8D2-4E3B-847C-3443D1B81154}.AndroidRelease|Any CPU.ActiveCfg = Release|Any CPU
		{7E614795-A8D2-4E3B-847C-3443D1B81154}.AndroidRelease|ARM.ActiveCfg = Release|Any CPU
		{7E614795-A8D2-4E3B-847C-3443D1B81154}.AndroidRelease|iPhone.ActiveCfg = Release|Any CPU
		{7E614795-A8D2-4E3B-847C-3443D1B81154}.AndroidRelease|iPhoneSimulator.ActiveCfg = Release|Any CPU
		{7E614795-A8D2-4E3B-847C-3443D1B81154}.AndroidRelease|x64.ActiveCfg = Release|Any CPU
		{7E614795-A8D2-4E3B-847C-3443D1B81154}.AndroidRelease|x86.ActiveCfg = Release|Any CPU
		{7E614795-A8D2-4E3B-847C-3443D1B81154}.Debug|Any CPU.ActiveCfg = Debug|Any CPU
		{7E614795-A8D2-4E3B-847C-3443D1B81154}.Debug|Any CPU.Build.0 = Debug|Any CPU
		{7E614795-A8D2-4E3B-847C-3443D1B81154}.Debug|ARM.ActiveCfg = Debug|Any CPU
		{7E614795-A8D2-4E3B-847C-3443D1B81154}.Debug|ARM.Build.0 = Debug|Any CPU
		{7E614795-A8D2-4E3B-847C-3443D1B81154}.Debug|iPhone.ActiveCfg = Debug|Any CPU
		{7E614795-A8D2-4E3B-847C-3443D1B81154}.Debug|iPhone.Build.0 = Debug|Any CPU
		{7E614795-A8D2-4E3B-847C-3443D1B81154}.Debug|iPhoneSimulator.ActiveCfg = Debug|Any CPU
		{7E614795-A8D2-4E3B-847C-3443D1B81154}.Debug|iPhoneSimulator.Build.0 = Debug|Any CPU
		{7E614795-A8D2-4E3B-847C-3443D1B81154}.Debug|x64.ActiveCfg = Debug|Any CPU
		{7E614795-A8D2-4E3B-847C-3443D1B81154}.Debug|x64.Build.0 = Debug|Any CPU
		{7E614795-A8D2-4E3B-847C-3443D1B81154}.Debug|x86.ActiveCfg = Debug|Any CPU
		{7E614795-A8D2-4E3B-847C-3443D1B81154}.Debug|x86.Build.0 = Debug|Any CPU
		{7E614795-A8D2-4E3B-847C-3443D1B81154}.DesktopRelease|Any CPU.ActiveCfg = Release|Any CPU
		{7E614795-A8D2-4E3B-847C-3443D1B81154}.DesktopRelease|Any CPU.Build.0 = Release|Any CPU
		{7E614795-A8D2-4E3B-847C-3443D1B81154}.DesktopRelease|ARM.ActiveCfg = Release|Any CPU
		{7E614795-A8D2-4E3B-847C-3443D1B81154}.DesktopRelease|iPhone.ActiveCfg = Release|Any CPU
		{7E614795-A8D2-4E3B-847C-3443D1B81154}.DesktopRelease|iPhoneSimulator.ActiveCfg = Release|Any CPU
		{7E614795-A8D2-4E3B-847C-3443D1B81154}.DesktopRelease|x64.ActiveCfg = Release|Any CPU
		{7E614795-A8D2-4E3B-847C-3443D1B81154}.DesktopRelease|x86.ActiveCfg = Release|Any CPU
		{7E614795-A8D2-4E3B-847C-3443D1B81154}.DOCS|Any CPU.ActiveCfg = Debug|Any CPU
		{7E614795-A8D2-4E3B-847C-3443D1B81154}.DOCS|Any CPU.Build.0 = Debug|Any CPU
		{7E614795-A8D2-4E3B-847C-3443D1B81154}.DOCS|ARM.ActiveCfg = Debug|Any CPU
		{7E614795-A8D2-4E3B-847C-3443D1B81154}.DOCS|ARM.Build.0 = Debug|Any CPU
		{7E614795-A8D2-4E3B-847C-3443D1B81154}.DOCS|iPhone.ActiveCfg = Debug|Any CPU
		{7E614795-A8D2-4E3B-847C-3443D1B81154}.DOCS|iPhone.Build.0 = Debug|Any CPU
		{7E614795-A8D2-4E3B-847C-3443D1B81154}.DOCS|iPhoneSimulator.ActiveCfg = Debug|Any CPU
		{7E614795-A8D2-4E3B-847C-3443D1B81154}.DOCS|iPhoneSimulator.Build.0 = Debug|Any CPU
		{7E614795-A8D2-4E3B-847C-3443D1B81154}.DOCS|x64.ActiveCfg = Debug|Any CPU
		{7E614795-A8D2-4E3B-847C-3443D1B81154}.DOCS|x64.Build.0 = Debug|Any CPU
		{7E614795-A8D2-4E3B-847C-3443D1B81154}.DOCS|x86.ActiveCfg = Debug|Any CPU
		{7E614795-A8D2-4E3B-847C-3443D1B81154}.Release|Any CPU.ActiveCfg = Release|Any CPU
		{7E614795-A8D2-4E3B-847C-3443D1B81154}.Release|Any CPU.Build.0 = Release|Any CPU
		{7E614795-A8D2-4E3B-847C-3443D1B81154}.Release|ARM.ActiveCfg = Release|Any CPU
		{7E614795-A8D2-4E3B-847C-3443D1B81154}.Release|ARM.Build.0 = Release|Any CPU
		{7E614795-A8D2-4E3B-847C-3443D1B81154}.Release|iPhone.ActiveCfg = Release|Any CPU
		{7E614795-A8D2-4E3B-847C-3443D1B81154}.Release|iPhone.Build.0 = Release|Any CPU
		{7E614795-A8D2-4E3B-847C-3443D1B81154}.Release|iPhoneSimulator.ActiveCfg = Release|Any CPU
		{7E614795-A8D2-4E3B-847C-3443D1B81154}.Release|iPhoneSimulator.Build.0 = Release|Any CPU
		{7E614795-A8D2-4E3B-847C-3443D1B81154}.Release|x64.ActiveCfg = Release|Any CPU
		{7E614795-A8D2-4E3B-847C-3443D1B81154}.Release|x64.Build.0 = Release|Any CPU
		{7E614795-A8D2-4E3B-847C-3443D1B81154}.Release|x86.ActiveCfg = Release|Any CPU
		{7E614795-A8D2-4E3B-847C-3443D1B81154}.Release|x86.Build.0 = Release|Any CPU
		{8A8CCA2E-D708-4668-B539-FECFFF8DDDB7}.AndroidRelease|Any CPU.ActiveCfg = Release|Any CPU
		{8A8CCA2E-D708-4668-B539-FECFFF8DDDB7}.AndroidRelease|ARM.ActiveCfg = Release|Any CPU
		{8A8CCA2E-D708-4668-B539-FECFFF8DDDB7}.AndroidRelease|ARM.Build.0 = Release|Any CPU
		{8A8CCA2E-D708-4668-B539-FECFFF8DDDB7}.AndroidRelease|iPhone.ActiveCfg = Release|Any CPU
		{8A8CCA2E-D708-4668-B539-FECFFF8DDDB7}.AndroidRelease|iPhoneSimulator.ActiveCfg = Release|Any CPU
		{8A8CCA2E-D708-4668-B539-FECFFF8DDDB7}.AndroidRelease|x64.ActiveCfg = Release|Any CPU
		{8A8CCA2E-D708-4668-B539-FECFFF8DDDB7}.AndroidRelease|x86.ActiveCfg = Release|Any CPU
		{8A8CCA2E-D708-4668-B539-FECFFF8DDDB7}.Debug|Any CPU.ActiveCfg = Debug|Any CPU
		{8A8CCA2E-D708-4668-B539-FECFFF8DDDB7}.Debug|Any CPU.Build.0 = Debug|Any CPU
		{8A8CCA2E-D708-4668-B539-FECFFF8DDDB7}.Debug|ARM.ActiveCfg = Debug|Any CPU
		{8A8CCA2E-D708-4668-B539-FECFFF8DDDB7}.Debug|ARM.Build.0 = Debug|Any CPU
		{8A8CCA2E-D708-4668-B539-FECFFF8DDDB7}.Debug|iPhone.ActiveCfg = Debug|Any CPU
		{8A8CCA2E-D708-4668-B539-FECFFF8DDDB7}.Debug|iPhone.Build.0 = Debug|Any CPU
		{8A8CCA2E-D708-4668-B539-FECFFF8DDDB7}.Debug|iPhoneSimulator.ActiveCfg = Debug|Any CPU
		{8A8CCA2E-D708-4668-B539-FECFFF8DDDB7}.Debug|iPhoneSimulator.Build.0 = Debug|Any CPU
		{8A8CCA2E-D708-4668-B539-FECFFF8DDDB7}.Debug|x64.ActiveCfg = Debug|Any CPU
		{8A8CCA2E-D708-4668-B539-FECFFF8DDDB7}.Debug|x64.Build.0 = Debug|Any CPU
		{8A8CCA2E-D708-4668-B539-FECFFF8DDDB7}.Debug|x86.ActiveCfg = Debug|Any CPU
		{8A8CCA2E-D708-4668-B539-FECFFF8DDDB7}.Debug|x86.Build.0 = Debug|Any CPU
		{8A8CCA2E-D708-4668-B539-FECFFF8DDDB7}.DesktopRelease|Any CPU.ActiveCfg = Release|Any CPU
		{8A8CCA2E-D708-4668-B539-FECFFF8DDDB7}.DesktopRelease|Any CPU.Build.0 = Release|Any CPU
		{8A8CCA2E-D708-4668-B539-FECFFF8DDDB7}.DesktopRelease|ARM.ActiveCfg = Release|Any CPU
		{8A8CCA2E-D708-4668-B539-FECFFF8DDDB7}.DesktopRelease|iPhone.ActiveCfg = Release|Any CPU
		{8A8CCA2E-D708-4668-B539-FECFFF8DDDB7}.DesktopRelease|iPhoneSimulator.ActiveCfg = Release|Any CPU
		{8A8CCA2E-D708-4668-B539-FECFFF8DDDB7}.DesktopRelease|x64.ActiveCfg = Release|Any CPU
		{8A8CCA2E-D708-4668-B539-FECFFF8DDDB7}.DesktopRelease|x86.ActiveCfg = Release|Any CPU
		{8A8CCA2E-D708-4668-B539-FECFFF8DDDB7}.DOCS|Any CPU.ActiveCfg = Debug|Any CPU
		{8A8CCA2E-D708-4668-B539-FECFFF8DDDB7}.DOCS|Any CPU.Build.0 = Debug|Any CPU
		{8A8CCA2E-D708-4668-B539-FECFFF8DDDB7}.DOCS|ARM.ActiveCfg = Debug|Any CPU
		{8A8CCA2E-D708-4668-B539-FECFFF8DDDB7}.DOCS|ARM.Build.0 = Debug|Any CPU
		{8A8CCA2E-D708-4668-B539-FECFFF8DDDB7}.DOCS|iPhone.ActiveCfg = Debug|Any CPU
		{8A8CCA2E-D708-4668-B539-FECFFF8DDDB7}.DOCS|iPhone.Build.0 = Debug|Any CPU
		{8A8CCA2E-D708-4668-B539-FECFFF8DDDB7}.DOCS|iPhoneSimulator.ActiveCfg = Debug|Any CPU
		{8A8CCA2E-D708-4668-B539-FECFFF8DDDB7}.DOCS|iPhoneSimulator.Build.0 = Debug|Any CPU
		{8A8CCA2E-D708-4668-B539-FECFFF8DDDB7}.DOCS|x64.ActiveCfg = Debug|Any CPU
		{8A8CCA2E-D708-4668-B539-FECFFF8DDDB7}.DOCS|x64.Build.0 = Debug|Any CPU
		{8A8CCA2E-D708-4668-B539-FECFFF8DDDB7}.DOCS|x86.ActiveCfg = Release|Any CPU
		{8A8CCA2E-D708-4668-B539-FECFFF8DDDB7}.DOCS|x86.Build.0 = Release|Any CPU
		{8A8CCA2E-D708-4668-B539-FECFFF8DDDB7}.Release|Any CPU.ActiveCfg = Release|Any CPU
		{8A8CCA2E-D708-4668-B539-FECFFF8DDDB7}.Release|Any CPU.Build.0 = Release|Any CPU
		{8A8CCA2E-D708-4668-B539-FECFFF8DDDB7}.Release|ARM.ActiveCfg = Release|Any CPU
		{8A8CCA2E-D708-4668-B539-FECFFF8DDDB7}.Release|ARM.Build.0 = Release|Any CPU
		{8A8CCA2E-D708-4668-B539-FECFFF8DDDB7}.Release|iPhone.ActiveCfg = Release|Any CPU
		{8A8CCA2E-D708-4668-B539-FECFFF8DDDB7}.Release|iPhone.Build.0 = Release|Any CPU
		{8A8CCA2E-D708-4668-B539-FECFFF8DDDB7}.Release|iPhoneSimulator.ActiveCfg = Release|Any CPU
		{8A8CCA2E-D708-4668-B539-FECFFF8DDDB7}.Release|iPhoneSimulator.Build.0 = Release|Any CPU
		{8A8CCA2E-D708-4668-B539-FECFFF8DDDB7}.Release|x64.ActiveCfg = Release|Any CPU
		{8A8CCA2E-D708-4668-B539-FECFFF8DDDB7}.Release|x64.Build.0 = Release|Any CPU
		{8A8CCA2E-D708-4668-B539-FECFFF8DDDB7}.Release|x86.ActiveCfg = Release|Any CPU
		{8A8CCA2E-D708-4668-B539-FECFFF8DDDB7}.Release|x86.Build.0 = Release|Any CPU
		{1C51A706-4D2C-49D4-972F-CB5075324F5F}.AndroidRelease|Any CPU.ActiveCfg = Release|Any CPU
		{1C51A706-4D2C-49D4-972F-CB5075324F5F}.AndroidRelease|ARM.ActiveCfg = Debug|Any CPU
		{1C51A706-4D2C-49D4-972F-CB5075324F5F}.AndroidRelease|iPhone.ActiveCfg = Release|Any CPU
		{1C51A706-4D2C-49D4-972F-CB5075324F5F}.AndroidRelease|iPhoneSimulator.ActiveCfg = Release|Any CPU
		{1C51A706-4D2C-49D4-972F-CB5075324F5F}.AndroidRelease|x64.ActiveCfg = Release|Any CPU
		{1C51A706-4D2C-49D4-972F-CB5075324F5F}.AndroidRelease|x86.ActiveCfg = Release|Any CPU
		{1C51A706-4D2C-49D4-972F-CB5075324F5F}.Debug|Any CPU.ActiveCfg = Debug|Any CPU
		{1C51A706-4D2C-49D4-972F-CB5075324F5F}.Debug|Any CPU.Build.0 = Debug|Any CPU
		{1C51A706-4D2C-49D4-972F-CB5075324F5F}.Debug|ARM.ActiveCfg = Debug|Any CPU
		{1C51A706-4D2C-49D4-972F-CB5075324F5F}.Debug|ARM.Build.0 = Debug|Any CPU
		{1C51A706-4D2C-49D4-972F-CB5075324F5F}.Debug|iPhone.ActiveCfg = Debug|Any CPU
		{1C51A706-4D2C-49D4-972F-CB5075324F5F}.Debug|iPhone.Build.0 = Debug|Any CPU
		{1C51A706-4D2C-49D4-972F-CB5075324F5F}.Debug|iPhoneSimulator.ActiveCfg = Debug|Any CPU
		{1C51A706-4D2C-49D4-972F-CB5075324F5F}.Debug|iPhoneSimulator.Build.0 = Debug|Any CPU
		{1C51A706-4D2C-49D4-972F-CB5075324F5F}.Debug|x64.ActiveCfg = Debug|Any CPU
		{1C51A706-4D2C-49D4-972F-CB5075324F5F}.Debug|x64.Build.0 = Debug|Any CPU
		{1C51A706-4D2C-49D4-972F-CB5075324F5F}.Debug|x86.ActiveCfg = Debug|Any CPU
		{1C51A706-4D2C-49D4-972F-CB5075324F5F}.Debug|x86.Build.0 = Debug|Any CPU
		{1C51A706-4D2C-49D4-972F-CB5075324F5F}.DesktopRelease|Any CPU.ActiveCfg = Release|Any CPU
		{1C51A706-4D2C-49D4-972F-CB5075324F5F}.DesktopRelease|Any CPU.Build.0 = Release|Any CPU
		{1C51A706-4D2C-49D4-972F-CB5075324F5F}.DesktopRelease|ARM.ActiveCfg = Release|Any CPU
		{1C51A706-4D2C-49D4-972F-CB5075324F5F}.DesktopRelease|iPhone.ActiveCfg = Release|Any CPU
		{1C51A706-4D2C-49D4-972F-CB5075324F5F}.DesktopRelease|iPhoneSimulator.ActiveCfg = Release|Any CPU
		{1C51A706-4D2C-49D4-972F-CB5075324F5F}.DesktopRelease|x64.ActiveCfg = Release|Any CPU
		{1C51A706-4D2C-49D4-972F-CB5075324F5F}.DesktopRelease|x86.ActiveCfg = Release|Any CPU
		{1C51A706-4D2C-49D4-972F-CB5075324F5F}.DOCS|Any CPU.ActiveCfg = Debug|Any CPU
		{1C51A706-4D2C-49D4-972F-CB5075324F5F}.DOCS|Any CPU.Build.0 = Debug|Any CPU
		{1C51A706-4D2C-49D4-972F-CB5075324F5F}.DOCS|ARM.ActiveCfg = Debug|Any CPU
		{1C51A706-4D2C-49D4-972F-CB5075324F5F}.DOCS|ARM.Build.0 = Debug|Any CPU
		{1C51A706-4D2C-49D4-972F-CB5075324F5F}.DOCS|iPhone.ActiveCfg = Debug|Any CPU
		{1C51A706-4D2C-49D4-972F-CB5075324F5F}.DOCS|iPhone.Build.0 = Debug|Any CPU
		{1C51A706-4D2C-49D4-972F-CB5075324F5F}.DOCS|iPhoneSimulator.ActiveCfg = Debug|Any CPU
		{1C51A706-4D2C-49D4-972F-CB5075324F5F}.DOCS|iPhoneSimulator.Build.0 = Debug|Any CPU
		{1C51A706-4D2C-49D4-972F-CB5075324F5F}.DOCS|x64.ActiveCfg = Debug|Any CPU
		{1C51A706-4D2C-49D4-972F-CB5075324F5F}.DOCS|x64.Build.0 = Debug|Any CPU
		{1C51A706-4D2C-49D4-972F-CB5075324F5F}.DOCS|x86.ActiveCfg = Debug|Any CPU
		{1C51A706-4D2C-49D4-972F-CB5075324F5F}.Release|Any CPU.ActiveCfg = Release|Any CPU
		{1C51A706-4D2C-49D4-972F-CB5075324F5F}.Release|Any CPU.Build.0 = Release|Any CPU
		{1C51A706-4D2C-49D4-972F-CB5075324F5F}.Release|ARM.ActiveCfg = Release|Any CPU
		{1C51A706-4D2C-49D4-972F-CB5075324F5F}.Release|ARM.Build.0 = Release|Any CPU
		{1C51A706-4D2C-49D4-972F-CB5075324F5F}.Release|iPhone.ActiveCfg = Release|Any CPU
		{1C51A706-4D2C-49D4-972F-CB5075324F5F}.Release|iPhone.Build.0 = Release|Any CPU
		{1C51A706-4D2C-49D4-972F-CB5075324F5F}.Release|iPhoneSimulator.ActiveCfg = Release|Any CPU
		{1C51A706-4D2C-49D4-972F-CB5075324F5F}.Release|iPhoneSimulator.Build.0 = Release|Any CPU
		{1C51A706-4D2C-49D4-972F-CB5075324F5F}.Release|x64.ActiveCfg = Release|Any CPU
		{1C51A706-4D2C-49D4-972F-CB5075324F5F}.Release|x64.Build.0 = Release|Any CPU
		{1C51A706-4D2C-49D4-972F-CB5075324F5F}.Release|x86.ActiveCfg = Release|Any CPU
		{1C51A706-4D2C-49D4-972F-CB5075324F5F}.Release|x86.Build.0 = Release|Any CPU
		{6BEEC517-011A-441E-8A2F-D9461806A879}.AndroidRelease|Any CPU.ActiveCfg = Release|Any CPU
		{6BEEC517-011A-441E-8A2F-D9461806A879}.AndroidRelease|ARM.ActiveCfg = Release|Any CPU
		{6BEEC517-011A-441E-8A2F-D9461806A879}.AndroidRelease|ARM.Build.0 = Release|Any CPU
		{6BEEC517-011A-441E-8A2F-D9461806A879}.AndroidRelease|iPhone.ActiveCfg = Release|Any CPU
		{6BEEC517-011A-441E-8A2F-D9461806A879}.AndroidRelease|iPhoneSimulator.ActiveCfg = Release|Any CPU
		{6BEEC517-011A-441E-8A2F-D9461806A879}.AndroidRelease|x64.ActiveCfg = Release|Any CPU
		{6BEEC517-011A-441E-8A2F-D9461806A879}.AndroidRelease|x86.ActiveCfg = Release|Any CPU
		{6BEEC517-011A-441E-8A2F-D9461806A879}.Debug|Any CPU.ActiveCfg = Debug|Any CPU
		{6BEEC517-011A-441E-8A2F-D9461806A879}.Debug|Any CPU.Build.0 = Debug|Any CPU
		{6BEEC517-011A-441E-8A2F-D9461806A879}.Debug|ARM.ActiveCfg = Debug|Any CPU
		{6BEEC517-011A-441E-8A2F-D9461806A879}.Debug|ARM.Build.0 = Debug|Any CPU
		{6BEEC517-011A-441E-8A2F-D9461806A879}.Debug|iPhone.ActiveCfg = Debug|Any CPU
		{6BEEC517-011A-441E-8A2F-D9461806A879}.Debug|iPhone.Build.0 = Debug|Any CPU
		{6BEEC517-011A-441E-8A2F-D9461806A879}.Debug|iPhoneSimulator.ActiveCfg = Debug|Any CPU
		{6BEEC517-011A-441E-8A2F-D9461806A879}.Debug|iPhoneSimulator.Build.0 = Debug|Any CPU
		{6BEEC517-011A-441E-8A2F-D9461806A879}.Debug|x64.ActiveCfg = Debug|Any CPU
		{6BEEC517-011A-441E-8A2F-D9461806A879}.Debug|x64.Build.0 = Debug|Any CPU
		{6BEEC517-011A-441E-8A2F-D9461806A879}.Debug|x86.ActiveCfg = Debug|Any CPU
		{6BEEC517-011A-441E-8A2F-D9461806A879}.Debug|x86.Build.0 = Debug|Any CPU
		{6BEEC517-011A-441E-8A2F-D9461806A879}.DesktopRelease|Any CPU.ActiveCfg = Release|Any CPU
		{6BEEC517-011A-441E-8A2F-D9461806A879}.DesktopRelease|Any CPU.Build.0 = Release|Any CPU
		{6BEEC517-011A-441E-8A2F-D9461806A879}.DesktopRelease|ARM.ActiveCfg = Release|Any CPU
		{6BEEC517-011A-441E-8A2F-D9461806A879}.DesktopRelease|iPhone.ActiveCfg = Release|Any CPU
		{6BEEC517-011A-441E-8A2F-D9461806A879}.DesktopRelease|iPhoneSimulator.ActiveCfg = Release|Any CPU
		{6BEEC517-011A-441E-8A2F-D9461806A879}.DesktopRelease|x64.ActiveCfg = Release|Any CPU
		{6BEEC517-011A-441E-8A2F-D9461806A879}.DesktopRelease|x86.ActiveCfg = Release|Any CPU
		{6BEEC517-011A-441E-8A2F-D9461806A879}.DOCS|Any CPU.ActiveCfg = Debug|Any CPU
		{6BEEC517-011A-441E-8A2F-D9461806A879}.DOCS|Any CPU.Build.0 = Debug|Any CPU
		{6BEEC517-011A-441E-8A2F-D9461806A879}.DOCS|ARM.ActiveCfg = Debug|Any CPU
		{6BEEC517-011A-441E-8A2F-D9461806A879}.DOCS|ARM.Build.0 = Debug|Any CPU
		{6BEEC517-011A-441E-8A2F-D9461806A879}.DOCS|iPhone.ActiveCfg = Debug|Any CPU
		{6BEEC517-011A-441E-8A2F-D9461806A879}.DOCS|iPhone.Build.0 = Debug|Any CPU
		{6BEEC517-011A-441E-8A2F-D9461806A879}.DOCS|iPhoneSimulator.ActiveCfg = Debug|Any CPU
		{6BEEC517-011A-441E-8A2F-D9461806A879}.DOCS|iPhoneSimulator.Build.0 = Debug|Any CPU
		{6BEEC517-011A-441E-8A2F-D9461806A879}.DOCS|x64.ActiveCfg = Debug|Any CPU
		{6BEEC517-011A-441E-8A2F-D9461806A879}.DOCS|x64.Build.0 = Debug|Any CPU
		{6BEEC517-011A-441E-8A2F-D9461806A879}.DOCS|x86.ActiveCfg = Debug|Any CPU
		{6BEEC517-011A-441E-8A2F-D9461806A879}.Release|Any CPU.ActiveCfg = Release|Any CPU
		{6BEEC517-011A-441E-8A2F-D9461806A879}.Release|Any CPU.Build.0 = Release|Any CPU
		{6BEEC517-011A-441E-8A2F-D9461806A879}.Release|ARM.ActiveCfg = Release|Any CPU
		{6BEEC517-011A-441E-8A2F-D9461806A879}.Release|ARM.Build.0 = Release|Any CPU
		{6BEEC517-011A-441E-8A2F-D9461806A879}.Release|iPhone.ActiveCfg = Release|Any CPU
		{6BEEC517-011A-441E-8A2F-D9461806A879}.Release|iPhone.Build.0 = Release|Any CPU
		{6BEEC517-011A-441E-8A2F-D9461806A879}.Release|iPhoneSimulator.ActiveCfg = Release|Any CPU
		{6BEEC517-011A-441E-8A2F-D9461806A879}.Release|iPhoneSimulator.Build.0 = Release|Any CPU
		{6BEEC517-011A-441E-8A2F-D9461806A879}.Release|x64.ActiveCfg = Release|Any CPU
		{6BEEC517-011A-441E-8A2F-D9461806A879}.Release|x64.Build.0 = Release|Any CPU
		{6BEEC517-011A-441E-8A2F-D9461806A879}.Release|x86.ActiveCfg = Release|Any CPU
		{6BEEC517-011A-441E-8A2F-D9461806A879}.Release|x86.Build.0 = Release|Any CPU
		{6A2504D8-3C7F-485E-9793-A51989C6B2B6}.AndroidRelease|Any CPU.ActiveCfg = Release|Any CPU
		{6A2504D8-3C7F-485E-9793-A51989C6B2B6}.AndroidRelease|ARM.ActiveCfg = Release|Any CPU
		{6A2504D8-3C7F-485E-9793-A51989C6B2B6}.AndroidRelease|ARM.Build.0 = Release|Any CPU
		{6A2504D8-3C7F-485E-9793-A51989C6B2B6}.AndroidRelease|iPhone.ActiveCfg = Release|Any CPU
		{6A2504D8-3C7F-485E-9793-A51989C6B2B6}.AndroidRelease|iPhoneSimulator.ActiveCfg = Release|Any CPU
		{6A2504D8-3C7F-485E-9793-A51989C6B2B6}.AndroidRelease|x64.ActiveCfg = Release|Any CPU
		{6A2504D8-3C7F-485E-9793-A51989C6B2B6}.AndroidRelease|x86.ActiveCfg = Release|Any CPU
		{6A2504D8-3C7F-485E-9793-A51989C6B2B6}.Debug|Any CPU.ActiveCfg = Debug|Any CPU
		{6A2504D8-3C7F-485E-9793-A51989C6B2B6}.Debug|Any CPU.Build.0 = Debug|Any CPU
		{6A2504D8-3C7F-485E-9793-A51989C6B2B6}.Debug|ARM.ActiveCfg = Debug|Any CPU
		{6A2504D8-3C7F-485E-9793-A51989C6B2B6}.Debug|ARM.Build.0 = Debug|Any CPU
		{6A2504D8-3C7F-485E-9793-A51989C6B2B6}.Debug|iPhone.ActiveCfg = Debug|Any CPU
		{6A2504D8-3C7F-485E-9793-A51989C6B2B6}.Debug|iPhone.Build.0 = Debug|Any CPU
		{6A2504D8-3C7F-485E-9793-A51989C6B2B6}.Debug|iPhoneSimulator.ActiveCfg = Debug|Any CPU
		{6A2504D8-3C7F-485E-9793-A51989C6B2B6}.Debug|iPhoneSimulator.Build.0 = Debug|Any CPU
		{6A2504D8-3C7F-485E-9793-A51989C6B2B6}.Debug|x64.ActiveCfg = Debug|Any CPU
		{6A2504D8-3C7F-485E-9793-A51989C6B2B6}.Debug|x64.Build.0 = Debug|Any CPU
		{6A2504D8-3C7F-485E-9793-A51989C6B2B6}.Debug|x86.ActiveCfg = Debug|Any CPU
		{6A2504D8-3C7F-485E-9793-A51989C6B2B6}.Debug|x86.Build.0 = Debug|Any CPU
		{6A2504D8-3C7F-485E-9793-A51989C6B2B6}.DesktopRelease|Any CPU.ActiveCfg = Debug|Any CPU
		{6A2504D8-3C7F-485E-9793-A51989C6B2B6}.DesktopRelease|ARM.ActiveCfg = Release|Any CPU
		{6A2504D8-3C7F-485E-9793-A51989C6B2B6}.DesktopRelease|iPhone.ActiveCfg = Release|Any CPU
		{6A2504D8-3C7F-485E-9793-A51989C6B2B6}.DesktopRelease|iPhoneSimulator.ActiveCfg = Release|Any CPU
		{6A2504D8-3C7F-485E-9793-A51989C6B2B6}.DesktopRelease|x64.ActiveCfg = Release|Any CPU
		{6A2504D8-3C7F-485E-9793-A51989C6B2B6}.DesktopRelease|x86.ActiveCfg = Release|Any CPU
		{6A2504D8-3C7F-485E-9793-A51989C6B2B6}.DOCS|Any CPU.ActiveCfg = Debug|Any CPU
		{6A2504D8-3C7F-485E-9793-A51989C6B2B6}.DOCS|ARM.ActiveCfg = Debug|Any CPU
		{6A2504D8-3C7F-485E-9793-A51989C6B2B6}.DOCS|iPhone.ActiveCfg = Debug|Any CPU
		{6A2504D8-3C7F-485E-9793-A51989C6B2B6}.DOCS|iPhoneSimulator.ActiveCfg = Debug|Any CPU
		{6A2504D8-3C7F-485E-9793-A51989C6B2B6}.DOCS|x64.ActiveCfg = Debug|Any CPU
		{6A2504D8-3C7F-485E-9793-A51989C6B2B6}.DOCS|x86.ActiveCfg = Debug|Any CPU
		{6A2504D8-3C7F-485E-9793-A51989C6B2B6}.Release|Any CPU.ActiveCfg = Release|Any CPU
		{6A2504D8-3C7F-485E-9793-A51989C6B2B6}.Release|ARM.ActiveCfg = Release|Any CPU
		{6A2504D8-3C7F-485E-9793-A51989C6B2B6}.Release|ARM.Build.0 = Release|Any CPU
		{6A2504D8-3C7F-485E-9793-A51989C6B2B6}.Release|iPhone.ActiveCfg = Release|Any CPU
		{6A2504D8-3C7F-485E-9793-A51989C6B2B6}.Release|iPhone.Build.0 = Release|Any CPU
		{6A2504D8-3C7F-485E-9793-A51989C6B2B6}.Release|iPhoneSimulator.ActiveCfg = Release|Any CPU
		{6A2504D8-3C7F-485E-9793-A51989C6B2B6}.Release|iPhoneSimulator.Build.0 = Release|Any CPU
		{6A2504D8-3C7F-485E-9793-A51989C6B2B6}.Release|x64.ActiveCfg = Release|Any CPU
		{6A2504D8-3C7F-485E-9793-A51989C6B2B6}.Release|x64.Build.0 = Release|Any CPU
		{6A2504D8-3C7F-485E-9793-A51989C6B2B6}.Release|x86.ActiveCfg = Release|Any CPU
		{6A2504D8-3C7F-485E-9793-A51989C6B2B6}.Release|x86.Build.0 = Release|Any CPU
		{4CFB5682-347B-44F4-B592-92FED4DE57BA}.AndroidRelease|Any CPU.ActiveCfg = Release|iPhoneSimulator
		{4CFB5682-347B-44F4-B592-92FED4DE57BA}.AndroidRelease|ARM.ActiveCfg = Debug|iPhoneSimulator
		{4CFB5682-347B-44F4-B592-92FED4DE57BA}.AndroidRelease|iPhone.ActiveCfg = Release|iPhone
		{4CFB5682-347B-44F4-B592-92FED4DE57BA}.AndroidRelease|iPhoneSimulator.ActiveCfg = Release|iPhoneSimulator
		{4CFB5682-347B-44F4-B592-92FED4DE57BA}.AndroidRelease|x64.ActiveCfg = Release|iPhoneSimulator
		{4CFB5682-347B-44F4-B592-92FED4DE57BA}.AndroidRelease|x86.ActiveCfg = Release|iPhoneSimulator
		{4CFB5682-347B-44F4-B592-92FED4DE57BA}.Debug|Any CPU.ActiveCfg = Debug|iPhoneSimulator
		{4CFB5682-347B-44F4-B592-92FED4DE57BA}.Debug|ARM.ActiveCfg = Debug|iPhone
		{4CFB5682-347B-44F4-B592-92FED4DE57BA}.Debug|iPhone.ActiveCfg = Debug|iPhone
		{4CFB5682-347B-44F4-B592-92FED4DE57BA}.Debug|iPhone.Build.0 = Debug|iPhone
		{4CFB5682-347B-44F4-B592-92FED4DE57BA}.Debug|iPhoneSimulator.ActiveCfg = Debug|iPhoneSimulator
		{4CFB5682-347B-44F4-B592-92FED4DE57BA}.Debug|iPhoneSimulator.Build.0 = Debug|iPhoneSimulator
		{4CFB5682-347B-44F4-B592-92FED4DE57BA}.Debug|x64.ActiveCfg = Debug|iPhone
		{4CFB5682-347B-44F4-B592-92FED4DE57BA}.Debug|x86.ActiveCfg = Debug|iPhone
		{4CFB5682-347B-44F4-B592-92FED4DE57BA}.DesktopRelease|Any CPU.ActiveCfg = Debug|iPhoneSimulator
		{4CFB5682-347B-44F4-B592-92FED4DE57BA}.DesktopRelease|ARM.ActiveCfg = Release|iPhoneSimulator
		{4CFB5682-347B-44F4-B592-92FED4DE57BA}.DesktopRelease|iPhone.ActiveCfg = Release|iPhone
		{4CFB5682-347B-44F4-B592-92FED4DE57BA}.DesktopRelease|iPhoneSimulator.ActiveCfg = Release|iPhoneSimulator
		{4CFB5682-347B-44F4-B592-92FED4DE57BA}.DesktopRelease|x64.ActiveCfg = Release|iPhoneSimulator
		{4CFB5682-347B-44F4-B592-92FED4DE57BA}.DesktopRelease|x86.ActiveCfg = Release|iPhoneSimulator
		{4CFB5682-347B-44F4-B592-92FED4DE57BA}.DOCS|Any CPU.ActiveCfg = Debug|iPhone
		{4CFB5682-347B-44F4-B592-92FED4DE57BA}.DOCS|ARM.ActiveCfg = Debug|iPhone
		{4CFB5682-347B-44F4-B592-92FED4DE57BA}.DOCS|iPhone.ActiveCfg = Debug|iPhone
		{4CFB5682-347B-44F4-B592-92FED4DE57BA}.DOCS|iPhoneSimulator.ActiveCfg = Debug|iPhoneSimulator
		{4CFB5682-347B-44F4-B592-92FED4DE57BA}.DOCS|x64.ActiveCfg = Debug|iPhone
		{4CFB5682-347B-44F4-B592-92FED4DE57BA}.DOCS|x86.ActiveCfg = Debug|iPhoneSimulator
		{4CFB5682-347B-44F4-B592-92FED4DE57BA}.Release|Any CPU.ActiveCfg = Release|iPhone
		{4CFB5682-347B-44F4-B592-92FED4DE57BA}.Release|ARM.ActiveCfg = Release|iPhoneSimulator
		{4CFB5682-347B-44F4-B592-92FED4DE57BA}.Release|iPhone.ActiveCfg = Release|iPhone
		{4CFB5682-347B-44F4-B592-92FED4DE57BA}.Release|iPhone.Build.0 = Release|iPhone
		{4CFB5682-347B-44F4-B592-92FED4DE57BA}.Release|iPhoneSimulator.ActiveCfg = Release|iPhoneSimulator
		{4CFB5682-347B-44F4-B592-92FED4DE57BA}.Release|iPhoneSimulator.Build.0 = Release|iPhoneSimulator
		{4CFB5682-347B-44F4-B592-92FED4DE57BA}.Release|x64.ActiveCfg = Release|iPhoneSimulator
		{4CFB5682-347B-44F4-B592-92FED4DE57BA}.Release|x86.ActiveCfg = Release|iPhoneSimulator
		{ED5CC880-E60B-452E-AACF-E61ED81504B3}.AndroidRelease|Any CPU.ActiveCfg = Release|Any CPU
		{ED5CC880-E60B-452E-AACF-E61ED81504B3}.AndroidRelease|ARM.ActiveCfg = Release|Any CPU
		{ED5CC880-E60B-452E-AACF-E61ED81504B3}.AndroidRelease|ARM.Build.0 = Release|Any CPU
		{ED5CC880-E60B-452E-AACF-E61ED81504B3}.AndroidRelease|iPhone.ActiveCfg = Release|Any CPU
		{ED5CC880-E60B-452E-AACF-E61ED81504B3}.AndroidRelease|iPhoneSimulator.ActiveCfg = Release|Any CPU
		{ED5CC880-E60B-452E-AACF-E61ED81504B3}.AndroidRelease|x64.ActiveCfg = Release|Any CPU
		{ED5CC880-E60B-452E-AACF-E61ED81504B3}.AndroidRelease|x86.ActiveCfg = Release|Any CPU
		{ED5CC880-E60B-452E-AACF-E61ED81504B3}.Debug|Any CPU.ActiveCfg = Debug|Any CPU
		{ED5CC880-E60B-452E-AACF-E61ED81504B3}.Debug|Any CPU.Build.0 = Debug|Any CPU
		{ED5CC880-E60B-452E-AACF-E61ED81504B3}.Debug|Any CPU.Deploy.0 = Debug|Any CPU
		{ED5CC880-E60B-452E-AACF-E61ED81504B3}.Debug|ARM.ActiveCfg = Debug|Any CPU
		{ED5CC880-E60B-452E-AACF-E61ED81504B3}.Debug|ARM.Build.0 = Debug|Any CPU
		{ED5CC880-E60B-452E-AACF-E61ED81504B3}.Debug|ARM.Deploy.0 = Debug|Any CPU
		{ED5CC880-E60B-452E-AACF-E61ED81504B3}.Debug|iPhone.ActiveCfg = Debug|Any CPU
		{ED5CC880-E60B-452E-AACF-E61ED81504B3}.Debug|iPhone.Build.0 = Debug|Any CPU
		{ED5CC880-E60B-452E-AACF-E61ED81504B3}.Debug|iPhoneSimulator.ActiveCfg = Debug|Any CPU
		{ED5CC880-E60B-452E-AACF-E61ED81504B3}.Debug|iPhoneSimulator.Build.0 = Debug|Any CPU
		{ED5CC880-E60B-452E-AACF-E61ED81504B3}.Debug|x64.ActiveCfg = Debug|Any CPU
		{ED5CC880-E60B-452E-AACF-E61ED81504B3}.Debug|x64.Build.0 = Debug|Any CPU
		{ED5CC880-E60B-452E-AACF-E61ED81504B3}.Debug|x64.Deploy.0 = Debug|Any CPU
		{ED5CC880-E60B-452E-AACF-E61ED81504B3}.Debug|x86.ActiveCfg = Debug|Any CPU
		{ED5CC880-E60B-452E-AACF-E61ED81504B3}.Debug|x86.Build.0 = Debug|Any CPU
		{ED5CC880-E60B-452E-AACF-E61ED81504B3}.Debug|x86.Deploy.0 = Debug|Any CPU
		{ED5CC880-E60B-452E-AACF-E61ED81504B3}.DesktopRelease|Any CPU.ActiveCfg = Debug|Any CPU
		{ED5CC880-E60B-452E-AACF-E61ED81504B3}.DesktopRelease|ARM.ActiveCfg = Release|Any CPU
		{ED5CC880-E60B-452E-AACF-E61ED81504B3}.DesktopRelease|iPhone.ActiveCfg = Release|Any CPU
		{ED5CC880-E60B-452E-AACF-E61ED81504B3}.DesktopRelease|iPhoneSimulator.ActiveCfg = Release|Any CPU
		{ED5CC880-E60B-452E-AACF-E61ED81504B3}.DesktopRelease|x64.ActiveCfg = Release|Any CPU
		{ED5CC880-E60B-452E-AACF-E61ED81504B3}.DesktopRelease|x86.ActiveCfg = Release|Any CPU
		{ED5CC880-E60B-452E-AACF-E61ED81504B3}.DOCS|Any CPU.ActiveCfg = Debug|Any CPU
		{ED5CC880-E60B-452E-AACF-E61ED81504B3}.DOCS|ARM.ActiveCfg = Debug|Any CPU
		{ED5CC880-E60B-452E-AACF-E61ED81504B3}.DOCS|iPhone.ActiveCfg = Debug|Any CPU
		{ED5CC880-E60B-452E-AACF-E61ED81504B3}.DOCS|iPhoneSimulator.ActiveCfg = Debug|Any CPU
		{ED5CC880-E60B-452E-AACF-E61ED81504B3}.DOCS|x64.ActiveCfg = Debug|Any CPU
		{ED5CC880-E60B-452E-AACF-E61ED81504B3}.DOCS|x86.ActiveCfg = Debug|Any CPU
		{ED5CC880-E60B-452E-AACF-E61ED81504B3}.Release|Any CPU.ActiveCfg = Release|Any CPU
		{ED5CC880-E60B-452E-AACF-E61ED81504B3}.Release|ARM.ActiveCfg = Release|Any CPU
		{ED5CC880-E60B-452E-AACF-E61ED81504B3}.Release|ARM.Build.0 = Release|Any CPU
		{ED5CC880-E60B-452E-AACF-E61ED81504B3}.Release|ARM.Deploy.0 = Release|Any CPU
		{ED5CC880-E60B-452E-AACF-E61ED81504B3}.Release|iPhone.ActiveCfg = Release|Any CPU
		{ED5CC880-E60B-452E-AACF-E61ED81504B3}.Release|iPhone.Build.0 = Release|Any CPU
		{ED5CC880-E60B-452E-AACF-E61ED81504B3}.Release|iPhoneSimulator.ActiveCfg = Release|Any CPU
		{ED5CC880-E60B-452E-AACF-E61ED81504B3}.Release|iPhoneSimulator.Build.0 = Release|Any CPU
		{ED5CC880-E60B-452E-AACF-E61ED81504B3}.Release|x64.ActiveCfg = Release|Any CPU
		{ED5CC880-E60B-452E-AACF-E61ED81504B3}.Release|x64.Build.0 = Release|Any CPU
		{ED5CC880-E60B-452E-AACF-E61ED81504B3}.Release|x64.Deploy.0 = Release|Any CPU
		{ED5CC880-E60B-452E-AACF-E61ED81504B3}.Release|x86.ActiveCfg = Release|Any CPU
		{ED5CC880-E60B-452E-AACF-E61ED81504B3}.Release|x86.Build.0 = Release|Any CPU
		{ED5CC880-E60B-452E-AACF-E61ED81504B3}.Release|x86.Deploy.0 = Release|Any CPU
		{98152D72-EBE6-4202-810F-79D39058FB4F}.AndroidRelease|Any CPU.ActiveCfg = Release|Any CPU
		{98152D72-EBE6-4202-810F-79D39058FB4F}.AndroidRelease|ARM.ActiveCfg = Debug|Any CPU
		{98152D72-EBE6-4202-810F-79D39058FB4F}.AndroidRelease|iPhone.ActiveCfg = Release|Any CPU
		{98152D72-EBE6-4202-810F-79D39058FB4F}.AndroidRelease|iPhoneSimulator.ActiveCfg = Release|Any CPU
		{98152D72-EBE6-4202-810F-79D39058FB4F}.AndroidRelease|x64.ActiveCfg = Release|Any CPU
		{98152D72-EBE6-4202-810F-79D39058FB4F}.AndroidRelease|x86.ActiveCfg = Release|Any CPU
		{98152D72-EBE6-4202-810F-79D39058FB4F}.Debug|Any CPU.ActiveCfg = Debug|Any CPU
		{98152D72-EBE6-4202-810F-79D39058FB4F}.Debug|Any CPU.Build.0 = Debug|Any CPU
		{98152D72-EBE6-4202-810F-79D39058FB4F}.Debug|ARM.ActiveCfg = Debug|Any CPU
		{98152D72-EBE6-4202-810F-79D39058FB4F}.Debug|ARM.Build.0 = Debug|Any CPU
		{98152D72-EBE6-4202-810F-79D39058FB4F}.Debug|iPhone.ActiveCfg = Debug|Any CPU
		{98152D72-EBE6-4202-810F-79D39058FB4F}.Debug|iPhone.Build.0 = Debug|Any CPU
		{98152D72-EBE6-4202-810F-79D39058FB4F}.Debug|iPhoneSimulator.ActiveCfg = Debug|Any CPU
		{98152D72-EBE6-4202-810F-79D39058FB4F}.Debug|iPhoneSimulator.Build.0 = Debug|Any CPU
		{98152D72-EBE6-4202-810F-79D39058FB4F}.Debug|x64.ActiveCfg = Debug|Any CPU
		{98152D72-EBE6-4202-810F-79D39058FB4F}.Debug|x64.Build.0 = Debug|Any CPU
		{98152D72-EBE6-4202-810F-79D39058FB4F}.Debug|x86.ActiveCfg = Debug|Any CPU
		{98152D72-EBE6-4202-810F-79D39058FB4F}.Debug|x86.Build.0 = Debug|Any CPU
		{98152D72-EBE6-4202-810F-79D39058FB4F}.DesktopRelease|Any CPU.ActiveCfg = Release|Any CPU
		{98152D72-EBE6-4202-810F-79D39058FB4F}.DesktopRelease|Any CPU.Build.0 = Release|Any CPU
		{98152D72-EBE6-4202-810F-79D39058FB4F}.DesktopRelease|ARM.ActiveCfg = Release|Any CPU
		{98152D72-EBE6-4202-810F-79D39058FB4F}.DesktopRelease|iPhone.ActiveCfg = Release|Any CPU
		{98152D72-EBE6-4202-810F-79D39058FB4F}.DesktopRelease|iPhoneSimulator.ActiveCfg = Release|Any CPU
		{98152D72-EBE6-4202-810F-79D39058FB4F}.DesktopRelease|x64.ActiveCfg = Release|Any CPU
		{98152D72-EBE6-4202-810F-79D39058FB4F}.DesktopRelease|x86.ActiveCfg = Release|Any CPU
		{98152D72-EBE6-4202-810F-79D39058FB4F}.DOCS|Any CPU.ActiveCfg = Debug|Any CPU
		{98152D72-EBE6-4202-810F-79D39058FB4F}.DOCS|Any CPU.Build.0 = Debug|Any CPU
		{98152D72-EBE6-4202-810F-79D39058FB4F}.DOCS|ARM.ActiveCfg = Debug|Any CPU
		{98152D72-EBE6-4202-810F-79D39058FB4F}.DOCS|ARM.Build.0 = Debug|Any CPU
		{98152D72-EBE6-4202-810F-79D39058FB4F}.DOCS|iPhone.ActiveCfg = Debug|Any CPU
		{98152D72-EBE6-4202-810F-79D39058FB4F}.DOCS|iPhone.Build.0 = Debug|Any CPU
		{98152D72-EBE6-4202-810F-79D39058FB4F}.DOCS|iPhoneSimulator.ActiveCfg = Debug|Any CPU
		{98152D72-EBE6-4202-810F-79D39058FB4F}.DOCS|iPhoneSimulator.Build.0 = Debug|Any CPU
		{98152D72-EBE6-4202-810F-79D39058FB4F}.DOCS|x64.ActiveCfg = Debug|Any CPU
		{98152D72-EBE6-4202-810F-79D39058FB4F}.DOCS|x64.Build.0 = Debug|Any CPU
		{98152D72-EBE6-4202-810F-79D39058FB4F}.DOCS|x86.ActiveCfg = Debug|Any CPU
		{98152D72-EBE6-4202-810F-79D39058FB4F}.Release|Any CPU.ActiveCfg = Release|Any CPU
		{98152D72-EBE6-4202-810F-79D39058FB4F}.Release|Any CPU.Build.0 = Release|Any CPU
		{98152D72-EBE6-4202-810F-79D39058FB4F}.Release|ARM.ActiveCfg = Release|Any CPU
		{98152D72-EBE6-4202-810F-79D39058FB4F}.Release|ARM.Build.0 = Release|Any CPU
		{98152D72-EBE6-4202-810F-79D39058FB4F}.Release|iPhone.ActiveCfg = Release|Any CPU
		{98152D72-EBE6-4202-810F-79D39058FB4F}.Release|iPhone.Build.0 = Release|Any CPU
		{98152D72-EBE6-4202-810F-79D39058FB4F}.Release|iPhoneSimulator.ActiveCfg = Release|Any CPU
		{98152D72-EBE6-4202-810F-79D39058FB4F}.Release|iPhoneSimulator.Build.0 = Release|Any CPU
		{98152D72-EBE6-4202-810F-79D39058FB4F}.Release|x64.ActiveCfg = Release|Any CPU
		{98152D72-EBE6-4202-810F-79D39058FB4F}.Release|x64.Build.0 = Release|Any CPU
		{98152D72-EBE6-4202-810F-79D39058FB4F}.Release|x86.ActiveCfg = Release|Any CPU
		{98152D72-EBE6-4202-810F-79D39058FB4F}.Release|x86.Build.0 = Release|Any CPU
		{BFB62B1A-8E55-4EA9-84E9-23B02240A4A2}.AndroidRelease|Any CPU.ActiveCfg = Release|Any CPU
		{BFB62B1A-8E55-4EA9-84E9-23B02240A4A2}.AndroidRelease|ARM.ActiveCfg = Debug|Any CPU
		{BFB62B1A-8E55-4EA9-84E9-23B02240A4A2}.AndroidRelease|iPhone.ActiveCfg = Release|Any CPU
		{BFB62B1A-8E55-4EA9-84E9-23B02240A4A2}.AndroidRelease|iPhoneSimulator.ActiveCfg = Release|Any CPU
		{BFB62B1A-8E55-4EA9-84E9-23B02240A4A2}.AndroidRelease|x64.ActiveCfg = Release|Any CPU
		{BFB62B1A-8E55-4EA9-84E9-23B02240A4A2}.AndroidRelease|x86.ActiveCfg = Release|Any CPU
		{BFB62B1A-8E55-4EA9-84E9-23B02240A4A2}.Debug|Any CPU.ActiveCfg = Debug|Any CPU
		{BFB62B1A-8E55-4EA9-84E9-23B02240A4A2}.Debug|Any CPU.Build.0 = Debug|Any CPU
		{BFB62B1A-8E55-4EA9-84E9-23B02240A4A2}.Debug|ARM.ActiveCfg = Debug|Any CPU
		{BFB62B1A-8E55-4EA9-84E9-23B02240A4A2}.Debug|ARM.Build.0 = Debug|Any CPU
		{BFB62B1A-8E55-4EA9-84E9-23B02240A4A2}.Debug|iPhone.ActiveCfg = Debug|Any CPU
		{BFB62B1A-8E55-4EA9-84E9-23B02240A4A2}.Debug|iPhone.Build.0 = Debug|Any CPU
		{BFB62B1A-8E55-4EA9-84E9-23B02240A4A2}.Debug|iPhoneSimulator.ActiveCfg = Debug|Any CPU
		{BFB62B1A-8E55-4EA9-84E9-23B02240A4A2}.Debug|iPhoneSimulator.Build.0 = Debug|Any CPU
		{BFB62B1A-8E55-4EA9-84E9-23B02240A4A2}.Debug|x64.ActiveCfg = Debug|Any CPU
		{BFB62B1A-8E55-4EA9-84E9-23B02240A4A2}.Debug|x64.Build.0 = Debug|Any CPU
		{BFB62B1A-8E55-4EA9-84E9-23B02240A4A2}.Debug|x86.ActiveCfg = Debug|Any CPU
		{BFB62B1A-8E55-4EA9-84E9-23B02240A4A2}.Debug|x86.Build.0 = Debug|Any CPU
		{BFB62B1A-8E55-4EA9-84E9-23B02240A4A2}.DesktopRelease|Any CPU.ActiveCfg = Release|Any CPU
		{BFB62B1A-8E55-4EA9-84E9-23B02240A4A2}.DesktopRelease|Any CPU.Build.0 = Release|Any CPU
		{BFB62B1A-8E55-4EA9-84E9-23B02240A4A2}.DesktopRelease|ARM.ActiveCfg = Release|Any CPU
		{BFB62B1A-8E55-4EA9-84E9-23B02240A4A2}.DesktopRelease|iPhone.ActiveCfg = Release|Any CPU
		{BFB62B1A-8E55-4EA9-84E9-23B02240A4A2}.DesktopRelease|iPhoneSimulator.ActiveCfg = Release|Any CPU
		{BFB62B1A-8E55-4EA9-84E9-23B02240A4A2}.DesktopRelease|x64.ActiveCfg = Release|Any CPU
		{BFB62B1A-8E55-4EA9-84E9-23B02240A4A2}.DesktopRelease|x86.ActiveCfg = Release|Any CPU
		{BFB62B1A-8E55-4EA9-84E9-23B02240A4A2}.DOCS|Any CPU.ActiveCfg = Debug|Any CPU
		{BFB62B1A-8E55-4EA9-84E9-23B02240A4A2}.DOCS|Any CPU.Build.0 = Debug|Any CPU
		{BFB62B1A-8E55-4EA9-84E9-23B02240A4A2}.DOCS|ARM.ActiveCfg = Debug|Any CPU
		{BFB62B1A-8E55-4EA9-84E9-23B02240A4A2}.DOCS|ARM.Build.0 = Debug|Any CPU
		{BFB62B1A-8E55-4EA9-84E9-23B02240A4A2}.DOCS|iPhone.ActiveCfg = Debug|Any CPU
		{BFB62B1A-8E55-4EA9-84E9-23B02240A4A2}.DOCS|iPhone.Build.0 = Debug|Any CPU
		{BFB62B1A-8E55-4EA9-84E9-23B02240A4A2}.DOCS|iPhoneSimulator.ActiveCfg = Debug|Any CPU
		{BFB62B1A-8E55-4EA9-84E9-23B02240A4A2}.DOCS|iPhoneSimulator.Build.0 = Debug|Any CPU
		{BFB62B1A-8E55-4EA9-84E9-23B02240A4A2}.DOCS|x64.ActiveCfg = Debug|Any CPU
		{BFB62B1A-8E55-4EA9-84E9-23B02240A4A2}.DOCS|x64.Build.0 = Debug|Any CPU
		{BFB62B1A-8E55-4EA9-84E9-23B02240A4A2}.DOCS|x86.ActiveCfg = Debug|Any CPU
		{BFB62B1A-8E55-4EA9-84E9-23B02240A4A2}.Release|Any CPU.ActiveCfg = Release|Any CPU
		{BFB62B1A-8E55-4EA9-84E9-23B02240A4A2}.Release|Any CPU.Build.0 = Release|Any CPU
		{BFB62B1A-8E55-4EA9-84E9-23B02240A4A2}.Release|ARM.ActiveCfg = Release|Any CPU
		{BFB62B1A-8E55-4EA9-84E9-23B02240A4A2}.Release|ARM.Build.0 = Release|Any CPU
		{BFB62B1A-8E55-4EA9-84E9-23B02240A4A2}.Release|iPhone.ActiveCfg = Release|Any CPU
		{BFB62B1A-8E55-4EA9-84E9-23B02240A4A2}.Release|iPhone.Build.0 = Release|Any CPU
		{BFB62B1A-8E55-4EA9-84E9-23B02240A4A2}.Release|iPhoneSimulator.ActiveCfg = Release|Any CPU
		{BFB62B1A-8E55-4EA9-84E9-23B02240A4A2}.Release|iPhoneSimulator.Build.0 = Release|Any CPU
		{BFB62B1A-8E55-4EA9-84E9-23B02240A4A2}.Release|x64.ActiveCfg = Release|Any CPU
		{BFB62B1A-8E55-4EA9-84E9-23B02240A4A2}.Release|x64.Build.0 = Release|Any CPU
		{BFB62B1A-8E55-4EA9-84E9-23B02240A4A2}.Release|x86.ActiveCfg = Release|Any CPU
		{BFB62B1A-8E55-4EA9-84E9-23B02240A4A2}.Release|x86.Build.0 = Release|Any CPU
		{2C72EB5A-14C6-4CB5-A7EA-EF5AA329DEEE}.AndroidRelease|Any CPU.ActiveCfg = Release|Any CPU
		{2C72EB5A-14C6-4CB5-A7EA-EF5AA329DEEE}.AndroidRelease|ARM.ActiveCfg = Debug|Any CPU
		{2C72EB5A-14C6-4CB5-A7EA-EF5AA329DEEE}.AndroidRelease|iPhone.ActiveCfg = Release|Any CPU
		{2C72EB5A-14C6-4CB5-A7EA-EF5AA329DEEE}.AndroidRelease|iPhoneSimulator.ActiveCfg = Release|Any CPU
		{2C72EB5A-14C6-4CB5-A7EA-EF5AA329DEEE}.AndroidRelease|x64.ActiveCfg = Release|Any CPU
		{2C72EB5A-14C6-4CB5-A7EA-EF5AA329DEEE}.AndroidRelease|x86.ActiveCfg = Release|Any CPU
		{2C72EB5A-14C6-4CB5-A7EA-EF5AA329DEEE}.Debug|Any CPU.ActiveCfg = Debug|Any CPU
		{2C72EB5A-14C6-4CB5-A7EA-EF5AA329DEEE}.Debug|Any CPU.Build.0 = Debug|Any CPU
		{2C72EB5A-14C6-4CB5-A7EA-EF5AA329DEEE}.Debug|ARM.ActiveCfg = Debug|Any CPU
		{2C72EB5A-14C6-4CB5-A7EA-EF5AA329DEEE}.Debug|ARM.Build.0 = Debug|Any CPU
		{2C72EB5A-14C6-4CB5-A7EA-EF5AA329DEEE}.Debug|iPhone.ActiveCfg = Debug|Any CPU
		{2C72EB5A-14C6-4CB5-A7EA-EF5AA329DEEE}.Debug|iPhone.Build.0 = Debug|Any CPU
		{2C72EB5A-14C6-4CB5-A7EA-EF5AA329DEEE}.Debug|iPhoneSimulator.ActiveCfg = Debug|Any CPU
		{2C72EB5A-14C6-4CB5-A7EA-EF5AA329DEEE}.Debug|iPhoneSimulator.Build.0 = Debug|Any CPU
		{2C72EB5A-14C6-4CB5-A7EA-EF5AA329DEEE}.Debug|x64.ActiveCfg = Debug|Any CPU
		{2C72EB5A-14C6-4CB5-A7EA-EF5AA329DEEE}.Debug|x64.Build.0 = Debug|Any CPU
		{2C72EB5A-14C6-4CB5-A7EA-EF5AA329DEEE}.Debug|x86.ActiveCfg = Debug|Any CPU
		{2C72EB5A-14C6-4CB5-A7EA-EF5AA329DEEE}.Debug|x86.Build.0 = Debug|Any CPU
		{2C72EB5A-14C6-4CB5-A7EA-EF5AA329DEEE}.DesktopRelease|Any CPU.ActiveCfg = Release|Any CPU
		{2C72EB5A-14C6-4CB5-A7EA-EF5AA329DEEE}.DesktopRelease|ARM.ActiveCfg = Release|Any CPU
		{2C72EB5A-14C6-4CB5-A7EA-EF5AA329DEEE}.DesktopRelease|iPhone.ActiveCfg = Release|Any CPU
		{2C72EB5A-14C6-4CB5-A7EA-EF5AA329DEEE}.DesktopRelease|iPhoneSimulator.ActiveCfg = Release|Any CPU
		{2C72EB5A-14C6-4CB5-A7EA-EF5AA329DEEE}.DesktopRelease|x64.ActiveCfg = Release|Any CPU
		{2C72EB5A-14C6-4CB5-A7EA-EF5AA329DEEE}.DesktopRelease|x86.ActiveCfg = Release|Any CPU
		{2C72EB5A-14C6-4CB5-A7EA-EF5AA329DEEE}.DOCS|Any CPU.ActiveCfg = Debug|Any CPU
		{2C72EB5A-14C6-4CB5-A7EA-EF5AA329DEEE}.DOCS|ARM.ActiveCfg = Debug|Any CPU
		{2C72EB5A-14C6-4CB5-A7EA-EF5AA329DEEE}.DOCS|iPhone.ActiveCfg = Debug|Any CPU
		{2C72EB5A-14C6-4CB5-A7EA-EF5AA329DEEE}.DOCS|iPhoneSimulator.ActiveCfg = Debug|Any CPU
		{2C72EB5A-14C6-4CB5-A7EA-EF5AA329DEEE}.DOCS|x64.ActiveCfg = Debug|Any CPU
		{2C72EB5A-14C6-4CB5-A7EA-EF5AA329DEEE}.DOCS|x86.ActiveCfg = Debug|Any CPU
		{2C72EB5A-14C6-4CB5-A7EA-EF5AA329DEEE}.Release|Any CPU.ActiveCfg = Release|Any CPU
		{2C72EB5A-14C6-4CB5-A7EA-EF5AA329DEEE}.Release|Any CPU.Build.0 = Release|Any CPU
		{2C72EB5A-14C6-4CB5-A7EA-EF5AA329DEEE}.Release|ARM.ActiveCfg = Release|Any CPU
		{2C72EB5A-14C6-4CB5-A7EA-EF5AA329DEEE}.Release|ARM.Build.0 = Release|Any CPU
		{2C72EB5A-14C6-4CB5-A7EA-EF5AA329DEEE}.Release|iPhone.ActiveCfg = Release|Any CPU
		{2C72EB5A-14C6-4CB5-A7EA-EF5AA329DEEE}.Release|iPhone.Build.0 = Release|Any CPU
		{2C72EB5A-14C6-4CB5-A7EA-EF5AA329DEEE}.Release|iPhoneSimulator.ActiveCfg = Release|Any CPU
		{2C72EB5A-14C6-4CB5-A7EA-EF5AA329DEEE}.Release|iPhoneSimulator.Build.0 = Release|Any CPU
		{2C72EB5A-14C6-4CB5-A7EA-EF5AA329DEEE}.Release|x64.ActiveCfg = Release|Any CPU
		{2C72EB5A-14C6-4CB5-A7EA-EF5AA329DEEE}.Release|x64.Build.0 = Release|Any CPU
		{2C72EB5A-14C6-4CB5-A7EA-EF5AA329DEEE}.Release|x86.ActiveCfg = Release|Any CPU
		{2C72EB5A-14C6-4CB5-A7EA-EF5AA329DEEE}.Release|x86.Build.0 = Release|Any CPU
		{2A4114C9-B9B7-41FD-A0EF-EC77AD65DCC1}.AndroidRelease|Any CPU.ActiveCfg = Release|Any CPU
		{2A4114C9-B9B7-41FD-A0EF-EC77AD65DCC1}.AndroidRelease|Any CPU.Build.0 = Release|Any CPU
		{2A4114C9-B9B7-41FD-A0EF-EC77AD65DCC1}.AndroidRelease|ARM.ActiveCfg = Debug|Any CPU
		{2A4114C9-B9B7-41FD-A0EF-EC77AD65DCC1}.AndroidRelease|iPhone.ActiveCfg = Release|Any CPU
		{2A4114C9-B9B7-41FD-A0EF-EC77AD65DCC1}.AndroidRelease|iPhone.Build.0 = Release|Any CPU
		{2A4114C9-B9B7-41FD-A0EF-EC77AD65DCC1}.AndroidRelease|iPhoneSimulator.ActiveCfg = Release|Any CPU
		{2A4114C9-B9B7-41FD-A0EF-EC77AD65DCC1}.AndroidRelease|iPhoneSimulator.Build.0 = Release|Any CPU
		{2A4114C9-B9B7-41FD-A0EF-EC77AD65DCC1}.AndroidRelease|x64.ActiveCfg = Release|Any CPU
		{2A4114C9-B9B7-41FD-A0EF-EC77AD65DCC1}.AndroidRelease|x64.Build.0 = Release|Any CPU
		{2A4114C9-B9B7-41FD-A0EF-EC77AD65DCC1}.AndroidRelease|x86.ActiveCfg = Release|Any CPU
		{2A4114C9-B9B7-41FD-A0EF-EC77AD65DCC1}.AndroidRelease|x86.Build.0 = Release|Any CPU
		{2A4114C9-B9B7-41FD-A0EF-EC77AD65DCC1}.Debug|Any CPU.ActiveCfg = Debug|Any CPU
		{2A4114C9-B9B7-41FD-A0EF-EC77AD65DCC1}.Debug|ARM.ActiveCfg = Debug|Any CPU
		{2A4114C9-B9B7-41FD-A0EF-EC77AD65DCC1}.Debug|iPhone.ActiveCfg = Debug|Any CPU
		{2A4114C9-B9B7-41FD-A0EF-EC77AD65DCC1}.Debug|iPhone.Build.0 = Debug|Any CPU
		{2A4114C9-B9B7-41FD-A0EF-EC77AD65DCC1}.Debug|iPhoneSimulator.ActiveCfg = Debug|Any CPU
		{2A4114C9-B9B7-41FD-A0EF-EC77AD65DCC1}.Debug|iPhoneSimulator.Build.0 = Debug|Any CPU
		{2A4114C9-B9B7-41FD-A0EF-EC77AD65DCC1}.Debug|x64.ActiveCfg = Debug|Any CPU
		{2A4114C9-B9B7-41FD-A0EF-EC77AD65DCC1}.Debug|x86.ActiveCfg = Debug|Any CPU
		{2A4114C9-B9B7-41FD-A0EF-EC77AD65DCC1}.DesktopRelease|Any CPU.ActiveCfg = Debug|Any CPU
		{2A4114C9-B9B7-41FD-A0EF-EC77AD65DCC1}.DesktopRelease|ARM.ActiveCfg = Release|Any CPU
		{2A4114C9-B9B7-41FD-A0EF-EC77AD65DCC1}.DesktopRelease|ARM.Build.0 = Release|Any CPU
		{2A4114C9-B9B7-41FD-A0EF-EC77AD65DCC1}.DesktopRelease|iPhone.ActiveCfg = Release|Any CPU
		{2A4114C9-B9B7-41FD-A0EF-EC77AD65DCC1}.DesktopRelease|iPhone.Build.0 = Release|Any CPU
		{2A4114C9-B9B7-41FD-A0EF-EC77AD65DCC1}.DesktopRelease|iPhoneSimulator.ActiveCfg = Release|Any CPU
		{2A4114C9-B9B7-41FD-A0EF-EC77AD65DCC1}.DesktopRelease|iPhoneSimulator.Build.0 = Release|Any CPU
		{2A4114C9-B9B7-41FD-A0EF-EC77AD65DCC1}.DesktopRelease|x64.ActiveCfg = Release|Any CPU
		{2A4114C9-B9B7-41FD-A0EF-EC77AD65DCC1}.DesktopRelease|x64.Build.0 = Release|Any CPU
		{2A4114C9-B9B7-41FD-A0EF-EC77AD65DCC1}.DesktopRelease|x86.ActiveCfg = Release|Any CPU
		{2A4114C9-B9B7-41FD-A0EF-EC77AD65DCC1}.DesktopRelease|x86.Build.0 = Release|Any CPU
		{2A4114C9-B9B7-41FD-A0EF-EC77AD65DCC1}.DOCS|Any CPU.ActiveCfg = Debug|Any CPU
		{2A4114C9-B9B7-41FD-A0EF-EC77AD65DCC1}.DOCS|ARM.ActiveCfg = Debug|Any CPU
		{2A4114C9-B9B7-41FD-A0EF-EC77AD65DCC1}.DOCS|ARM.Build.0 = Debug|Any CPU
		{2A4114C9-B9B7-41FD-A0EF-EC77AD65DCC1}.DOCS|iPhone.ActiveCfg = Debug|Any CPU
		{2A4114C9-B9B7-41FD-A0EF-EC77AD65DCC1}.DOCS|iPhone.Build.0 = Debug|Any CPU
		{2A4114C9-B9B7-41FD-A0EF-EC77AD65DCC1}.DOCS|iPhoneSimulator.ActiveCfg = Debug|Any CPU
		{2A4114C9-B9B7-41FD-A0EF-EC77AD65DCC1}.DOCS|iPhoneSimulator.Build.0 = Debug|Any CPU
		{2A4114C9-B9B7-41FD-A0EF-EC77AD65DCC1}.DOCS|x64.ActiveCfg = Debug|Any CPU
		{2A4114C9-B9B7-41FD-A0EF-EC77AD65DCC1}.DOCS|x64.Build.0 = Debug|Any CPU
		{2A4114C9-B9B7-41FD-A0EF-EC77AD65DCC1}.DOCS|x86.ActiveCfg = Debug|Any CPU
		{2A4114C9-B9B7-41FD-A0EF-EC77AD65DCC1}.DOCS|x86.Build.0 = Debug|Any CPU
		{2A4114C9-B9B7-41FD-A0EF-EC77AD65DCC1}.Release|Any CPU.ActiveCfg = Release|Any CPU
		{2A4114C9-B9B7-41FD-A0EF-EC77AD65DCC1}.Release|ARM.ActiveCfg = Release|Any CPU
		{2A4114C9-B9B7-41FD-A0EF-EC77AD65DCC1}.Release|iPhone.ActiveCfg = Release|Any CPU
		{2A4114C9-B9B7-41FD-A0EF-EC77AD65DCC1}.Release|iPhone.Build.0 = Release|Any CPU
		{2A4114C9-B9B7-41FD-A0EF-EC77AD65DCC1}.Release|iPhoneSimulator.ActiveCfg = Release|Any CPU
		{2A4114C9-B9B7-41FD-A0EF-EC77AD65DCC1}.Release|iPhoneSimulator.Build.0 = Release|Any CPU
		{2A4114C9-B9B7-41FD-A0EF-EC77AD65DCC1}.Release|x64.ActiveCfg = Release|Any CPU
		{2A4114C9-B9B7-41FD-A0EF-EC77AD65DCC1}.Release|x86.ActiveCfg = Release|Any CPU
	EndGlobalSection
	GlobalSection(SolutionProperties) = preSolution
		HideSolutionNode = FALSE
	EndGlobalSection
	GlobalSection(NestedProjects) = preSolution
		{1C51A706-4D2C-49D4-972F-CB5075324F5F} = {20EEBD7A-005B-4230-81B5-2B83B6390840}
		{6BEEC517-011A-441E-8A2F-D9461806A879} = {20EEBD7A-005B-4230-81B5-2B83B6390840}
		{6A2504D8-3C7F-485E-9793-A51989C6B2B6} = {20EEBD7A-005B-4230-81B5-2B83B6390840}
		{4CFB5682-347B-44F4-B592-92FED4DE57BA} = {8F78C1CA-46EE-4DA6-8C5E-46CB5306ABFE}
		{ED5CC880-E60B-452E-AACF-E61ED81504B3} = {8F78C1CA-46EE-4DA6-8C5E-46CB5306ABFE}
		{9C80E5AC-7047-435B-8A42-01E9FD6519BF} = {8F78C1CA-46EE-4DA6-8C5E-46CB5306ABFE}
		{98152D72-EBE6-4202-810F-79D39058FB4F} = {8F78C1CA-46EE-4DA6-8C5E-46CB5306ABFE}
		{2391EE55-B702-4B11-B164-1963621F1161} = {C3CAB26E-B5C5-441F-ABA4-DDAF8E5C5CBA}
		{BFB62B1A-8E55-4EA9-84E9-23B02240A4A2} = {C3CAB26E-B5C5-441F-ABA4-DDAF8E5C5CBA}
		{2C72EB5A-14C6-4CB5-A7EA-EF5AA329DEEE} = {20EEBD7A-005B-4230-81B5-2B83B6390840}
		{2A4114C9-B9B7-41FD-A0EF-EC77AD65DCC1} = {8F78C1CA-46EE-4DA6-8C5E-46CB5306ABFE}
	EndGlobalSection
	GlobalSection(ExtensibilityGlobals) = postSolution
		SolutionGuid = {ADDC3F29-0838-4D9E-B062-DE623687ABD8}
	EndGlobalSection
	GlobalSection(MonoDevelopProperties) = preSolution
		Policies = $0
		$0.DotNetNamingPolicy = $1
		$1.DirectoryNamespaceAssociation = None
		$1.ResourceNamePolicy = FileFormatDefault
		$0.TextStylePolicy = $5
		$5.FileWidth = 120
		$5.TabsToSpaces = False
		$5.inheritsSet = VisualStudio
		$5.inheritsScope = text/plain
	EndGlobalSection
EndGlobal
