
Microsoft Visual Studio Solution File, Format Version 12.00
# Visual Studio 14
VisualStudioVersion = 14.0.25420.1
MinimumVisualStudioVersion = 10.0.40219.1
Project("{FAE04EC0-301F-11D3-BF4B-00C04F79EFBC}") = "Tests", "Source\Tests\Tests.csproj", "{7E614795-A8D2-4E3B-847C-3443D1B81154}"
EndProject
Project("{FAE04EC0-301F-11D3-BF4B-00C04F79EFBC}") = "AGS.API", "Source\AGS.API\AGS.API.csproj", "{8A8CCA2E-D708-4668-B539-FECFFF8DDDB7}"
EndProject
Project("{FAE04EC0-301F-11D3-BF4B-00C04F79EFBC}") = "AGS.Engine.Desktop", "Source\Engine\AGS.Engine.Desktop\AGS.Engine.Desktop.csproj", "{1C51A706-4D2C-49D4-972F-CB5075324F5F}"
EndProject
Project("{FAE04EC0-301F-11D3-BF4B-00C04F79EFBC}") = "AGS.Engine", "Source\Engine\AGS.Engine\AGS.Engine.csproj", "{6BEEC517-011A-441E-8A2F-D9461806A879}"
EndProject
Project("{FAE04EC0-301F-11D3-BF4B-00C04F79EFBC}") = "AGS.Engine.Android", "Source\Engine\AGS.Engine.Android\AGS.Engine.Android.csproj", "{6A2504D8-3C7F-485E-9793-A51989C6B2B6}"
EndProject
Project("{FAE04EC0-301F-11D3-BF4B-00C04F79EFBC}") = "DemoQuest.iOS", "Source\Demo\iOS\DemoQuest.iOS.csproj", "{4CFB5682-347B-44F4-B592-92FED4DE57BA}"
EndProject
Project("{FAE04EC0-301F-11D3-BF4B-00C04F79EFBC}") = "DemoQuest.Droid", "Source\Demo\Droid\DemoQuest.Droid.csproj", "{ED5CC880-E60B-452E-AACF-E61ED81504B3}"
EndProject
Project("{D954291E-2A0B-460D-934E-DC6B0785DB48}") = "DemoQuest", "Source\Demo\DemoQuest\DemoQuest.shproj", "{9C80E5AC-7047-435B-8A42-01E9FD6519BF}"
EndProject
Project("{FAE04EC0-301F-11D3-BF4B-00C04F79EFBC}") = "DemoQuest.UITests", "Source\Demo\UITests\DemoQuest.UITests.csproj", "{2A4114C9-B9B7-41FD-A0EF-EC77AD65DCC1}"
EndProject
Project("{FAE04EC0-301F-11D3-BF4B-00C04F79EFBC}") = "DemoQuest.Desktop", "Source\Demo\DemoQuest.Desktop\DemoQuest.Desktop.csproj", "{98152D72-EBE6-4202-810F-79D39058FB4F}"
EndProject
Project("{2150E333-8FDC-42A3-9474-1A3956D46DE8}") = "Demo", "Demo", "{8F78C1CA-46EE-4DA6-8C5E-46CB5306ABFE}"
EndProject
Project("{2150E333-8FDC-42A3-9474-1A3956D46DE8}") = "Engine", "Engine", "{20EEBD7A-005B-4230-81B5-2B83B6390840}"
EndProject
Project("{2150E333-8FDC-42A3-9474-1A3956D46DE8}") = "Editor", "Editor", "{C3CAB26E-B5C5-441F-ABA4-DDAF8E5C5CBA}"
EndProject
Project("{FAE04EC0-301F-11D3-BF4B-00C04F79EFBC}") = "AGS.Editor.Droid", "Source\Editor\AGS.Editor.Droid\AGS.Editor.Droid.csproj", "{7D1DE11B-BB78-485D-BA7A-2F34DD73C242}"
EndProject
Project("{FAE04EC0-301F-11D3-BF4B-00C04F79EFBC}") = "AGS.Editor.iOS", "Source\Editor\AGS.Editor.iOS\AGS.Editor.iOS.csproj", "{74B55CE9-F287-406C-86BF-B2599756230A}"
EndProject
Project("{D954291E-2A0B-460D-934E-DC6B0785DB48}") = "AGS.Editor", "Source\Editor\AGS.Editor\AGS.Editor.shproj", "{2391EE55-B702-4B11-B164-1963621F1161}"
EndProject
Project("{FAE04EC0-301F-11D3-BF4B-00C04F79EFBC}") = "AGS.Editor.XamarinStudio", "Source\Editor\AGS.Editor.XamarinStudio\AGS.Editor.XamarinStudio.csproj", "{08B4A341-7413-4D04-AFAE-752C55B8CD28}"
EndProject
Project("{FAE04EC0-301F-11D3-BF4B-00C04F79EFBC}") = "AGS.Editor.Desktop", "Source\Editor\AGS.Editor.Desktop\AGS.Editor.Desktop.csproj", "{BFB62B1A-8E55-4EA9-84E9-23B02240A4A2}"
EndProject
Global
	GlobalSection(SharedMSBuildProjectFiles) = preSolution
		Source\Editor\AGS.Editor\AGS.Editor.projitems*{2391ee55-b702-4b11-b164-1963621f1161}*SharedItemsImports = 13
		Source\Demo\DemoQuest\DemoQuest.projitems*{4cfb5682-347b-44f4-b592-92fed4de57ba}*SharedItemsImports = 4
		Source\Editor\AGS.Editor\AGS.Editor.projitems*{74b55ce9-f287-406c-86bf-b2599756230a}*SharedItemsImports = 4
		Source\Editor\AGS.Editor\AGS.Editor.projitems*{7d1de11b-bb78-485d-ba7a-2f34dd73c242}*SharedItemsImports = 4
		Source\Demo\DemoQuest\DemoQuest.projitems*{98152d72-ebe6-4202-810f-79d39058fb4f}*SharedItemsImports = 4
		Source\Demo\DemoQuest\DemoQuest.projitems*{9c80e5ac-7047-435b-8a42-01e9fd6519bf}*SharedItemsImports = 13
		Source\Editor\AGS.Editor\AGS.Editor.projitems*{bfb62b1a-8e55-4ea9-84e9-23b02240a4a2}*SharedItemsImports = 4
		Source\Demo\DemoQuest\DemoQuest.projitems*{ed5cc880-e60b-452e-aacf-e61ed81504b3}*SharedItemsImports = 4
	EndGlobalSection
	GlobalSection(SolutionConfigurationPlatforms) = preSolution
		Debug|Any CPU = Debug|Any CPU
		Debug|ARM = Debug|ARM
		Debug|iPhone = Debug|iPhone
		Debug|iPhoneSimulator = Debug|iPhoneSimulator
		Debug|x64 = Debug|x64
		Debug|x86 = Debug|x86
		Release|Any CPU = Release|Any CPU
		Release|ARM = Release|ARM
		Release|iPhone = Release|iPhone
		Release|iPhoneSimulator = Release|iPhoneSimulator
		Release|x64 = Release|x64
		Release|x86 = Release|x86
		DesktopRelease|Any CPU = DesktopRelease|Any CPU
		AndroidRelease|ARM = AndroidRelease|ARM
	EndGlobalSection
	GlobalSection(ProjectConfigurationPlatforms) = postSolution
		{7E614795-A8D2-4E3B-847C-3443D1B81154}.Debug|Any CPU.ActiveCfg = Debug|Any CPU
		{7E614795-A8D2-4E3B-847C-3443D1B81154}.Debug|Any CPU.Build.0 = Debug|Any CPU
		{7E614795-A8D2-4E3B-847C-3443D1B81154}.Debug|ARM.ActiveCfg = Debug|Any CPU
		{7E614795-A8D2-4E3B-847C-3443D1B81154}.Debug|ARM.Build.0 = Debug|Any CPU
		{7E614795-A8D2-4E3B-847C-3443D1B81154}.Debug|iPhone.ActiveCfg = Debug|Any CPU
		{7E614795-A8D2-4E3B-847C-3443D1B81154}.Debug|iPhone.Build.0 = Debug|Any CPU
		{7E614795-A8D2-4E3B-847C-3443D1B81154}.Debug|iPhoneSimulator.ActiveCfg = Debug|Any CPU
		{7E614795-A8D2-4E3B-847C-3443D1B81154}.Debug|iPhoneSimulator.Build.0 = Debug|Any CPU
		{7E614795-A8D2-4E3B-847C-3443D1B81154}.Debug|x64.ActiveCfg = Debug|Any CPU
		{7E614795-A8D2-4E3B-847C-3443D1B81154}.Debug|x64.Build.0 = Debug|Any CPU
		{7E614795-A8D2-4E3B-847C-3443D1B81154}.Debug|x86.ActiveCfg = Debug|Any CPU
		{7E614795-A8D2-4E3B-847C-3443D1B81154}.Debug|x86.Build.0 = Debug|Any CPU
		{7E614795-A8D2-4E3B-847C-3443D1B81154}.Release|Any CPU.ActiveCfg = Release|Any CPU
		{7E614795-A8D2-4E3B-847C-3443D1B81154}.Release|Any CPU.Build.0 = Release|Any CPU
		{7E614795-A8D2-4E3B-847C-3443D1B81154}.Release|ARM.ActiveCfg = Release|Any CPU
		{7E614795-A8D2-4E3B-847C-3443D1B81154}.Release|ARM.Build.0 = Release|Any CPU
		{7E614795-A8D2-4E3B-847C-3443D1B81154}.Release|iPhone.ActiveCfg = Release|Any CPU
		{7E614795-A8D2-4E3B-847C-3443D1B81154}.Release|iPhone.Build.0 = Release|Any CPU
		{7E614795-A8D2-4E3B-847C-3443D1B81154}.Release|iPhoneSimulator.ActiveCfg = Release|Any CPU
		{7E614795-A8D2-4E3B-847C-3443D1B81154}.Release|iPhoneSimulator.Build.0 = Release|Any CPU
		{7E614795-A8D2-4E3B-847C-3443D1B81154}.Release|x64.ActiveCfg = Release|Any CPU
		{7E614795-A8D2-4E3B-847C-3443D1B81154}.Release|x64.Build.0 = Release|Any CPU
		{7E614795-A8D2-4E3B-847C-3443D1B81154}.Release|x86.ActiveCfg = Release|Any CPU
		{7E614795-A8D2-4E3B-847C-3443D1B81154}.Release|x86.Build.0 = Release|Any CPU
		{7E614795-A8D2-4E3B-847C-3443D1B81154}.DesktopRelease|Any CPU.ActiveCfg = Release|Any CPU
		{7E614795-A8D2-4E3B-847C-3443D1B81154}.DesktopRelease|Any CPU.Build.0 = Release|Any CPU
		{7E614795-A8D2-4E3B-847C-3443D1B81154}.AndroidRelease|ARM.ActiveCfg = Release|Any CPU
		{8A8CCA2E-D708-4668-B539-FECFFF8DDDB7}.Debug|Any CPU.ActiveCfg = Debug|Any CPU
		{8A8CCA2E-D708-4668-B539-FECFFF8DDDB7}.Debug|Any CPU.Build.0 = Debug|Any CPU
		{8A8CCA2E-D708-4668-B539-FECFFF8DDDB7}.Debug|ARM.ActiveCfg = Debug|Any CPU
		{8A8CCA2E-D708-4668-B539-FECFFF8DDDB7}.Debug|ARM.Build.0 = Debug|Any CPU
		{8A8CCA2E-D708-4668-B539-FECFFF8DDDB7}.Debug|iPhone.ActiveCfg = Debug|Any CPU
		{8A8CCA2E-D708-4668-B539-FECFFF8DDDB7}.Debug|iPhone.Build.0 = Debug|Any CPU
		{8A8CCA2E-D708-4668-B539-FECFFF8DDDB7}.Debug|iPhoneSimulator.ActiveCfg = Debug|Any CPU
		{8A8CCA2E-D708-4668-B539-FECFFF8DDDB7}.Debug|iPhoneSimulator.Build.0 = Debug|Any CPU
		{8A8CCA2E-D708-4668-B539-FECFFF8DDDB7}.Debug|x64.ActiveCfg = Debug|Any CPU
		{8A8CCA2E-D708-4668-B539-FECFFF8DDDB7}.Debug|x64.Build.0 = Debug|Any CPU
		{8A8CCA2E-D708-4668-B539-FECFFF8DDDB7}.Debug|x86.ActiveCfg = Debug|Any CPU
		{8A8CCA2E-D708-4668-B539-FECFFF8DDDB7}.Debug|x86.Build.0 = Debug|Any CPU
		{8A8CCA2E-D708-4668-B539-FECFFF8DDDB7}.Release|Any CPU.ActiveCfg = Release|Any CPU
		{8A8CCA2E-D708-4668-B539-FECFFF8DDDB7}.Release|Any CPU.Build.0 = Release|Any CPU
		{8A8CCA2E-D708-4668-B539-FECFFF8DDDB7}.Release|ARM.ActiveCfg = Release|Any CPU
		{8A8CCA2E-D708-4668-B539-FECFFF8DDDB7}.Release|ARM.Build.0 = Release|Any CPU
		{8A8CCA2E-D708-4668-B539-FECFFF8DDDB7}.Release|iPhone.ActiveCfg = Release|Any CPU
		{8A8CCA2E-D708-4668-B539-FECFFF8DDDB7}.Release|iPhone.Build.0 = Release|Any CPU
		{8A8CCA2E-D708-4668-B539-FECFFF8DDDB7}.Release|iPhoneSimulator.ActiveCfg = Release|Any CPU
		{8A8CCA2E-D708-4668-B539-FECFFF8DDDB7}.Release|iPhoneSimulator.Build.0 = Release|Any CPU
		{8A8CCA2E-D708-4668-B539-FECFFF8DDDB7}.Release|x64.ActiveCfg = Release|Any CPU
		{8A8CCA2E-D708-4668-B539-FECFFF8DDDB7}.Release|x64.Build.0 = Release|Any CPU
		{8A8CCA2E-D708-4668-B539-FECFFF8DDDB7}.Release|x86.ActiveCfg = Release|Any CPU
		{8A8CCA2E-D708-4668-B539-FECFFF8DDDB7}.Release|x86.Build.0 = Release|Any CPU
		{8A8CCA2E-D708-4668-B539-FECFFF8DDDB7}.DesktopRelease|Any CPU.ActiveCfg = Release|Any CPU
		{8A8CCA2E-D708-4668-B539-FECFFF8DDDB7}.DesktopRelease|Any CPU.Build.0 = Release|Any CPU
		{8A8CCA2E-D708-4668-B539-FECFFF8DDDB7}.AndroidRelease|ARM.ActiveCfg = Release|Any CPU
		{8A8CCA2E-D708-4668-B539-FECFFF8DDDB7}.AndroidRelease|ARM.Build.0 = Release|Any CPU
		{1C51A706-4D2C-49D4-972F-CB5075324F5F}.Debug|Any CPU.ActiveCfg = Debug|Any CPU
		{1C51A706-4D2C-49D4-972F-CB5075324F5F}.Debug|Any CPU.Build.0 = Debug|Any CPU
		{1C51A706-4D2C-49D4-972F-CB5075324F5F}.Debug|ARM.ActiveCfg = Debug|Any CPU
		{1C51A706-4D2C-49D4-972F-CB5075324F5F}.Debug|ARM.Build.0 = Debug|Any CPU
		{1C51A706-4D2C-49D4-972F-CB5075324F5F}.Debug|iPhone.ActiveCfg = Debug|Any CPU
		{1C51A706-4D2C-49D4-972F-CB5075324F5F}.Debug|iPhone.Build.0 = Debug|Any CPU
		{1C51A706-4D2C-49D4-972F-CB5075324F5F}.Debug|iPhoneSimulator.ActiveCfg = Debug|Any CPU
		{1C51A706-4D2C-49D4-972F-CB5075324F5F}.Debug|iPhoneSimulator.Build.0 = Debug|Any CPU
		{1C51A706-4D2C-49D4-972F-CB5075324F5F}.Debug|x64.ActiveCfg = Debug|Any CPU
		{1C51A706-4D2C-49D4-972F-CB5075324F5F}.Debug|x64.Build.0 = Debug|Any CPU
		{1C51A706-4D2C-49D4-972F-CB5075324F5F}.Debug|x86.ActiveCfg = Debug|Any CPU
		{1C51A706-4D2C-49D4-972F-CB5075324F5F}.Debug|x86.Build.0 = Debug|Any CPU
		{1C51A706-4D2C-49D4-972F-CB5075324F5F}.Release|Any CPU.ActiveCfg = Release|Any CPU
		{1C51A706-4D2C-49D4-972F-CB5075324F5F}.Release|Any CPU.Build.0 = Release|Any CPU
		{1C51A706-4D2C-49D4-972F-CB5075324F5F}.Release|ARM.ActiveCfg = Release|Any CPU
		{1C51A706-4D2C-49D4-972F-CB5075324F5F}.Release|ARM.Build.0 = Release|Any CPU
		{1C51A706-4D2C-49D4-972F-CB5075324F5F}.Release|iPhone.ActiveCfg = Release|Any CPU
		{1C51A706-4D2C-49D4-972F-CB5075324F5F}.Release|iPhone.Build.0 = Release|Any CPU
		{1C51A706-4D2C-49D4-972F-CB5075324F5F}.Release|iPhoneSimulator.ActiveCfg = Release|Any CPU
		{1C51A706-4D2C-49D4-972F-CB5075324F5F}.Release|iPhoneSimulator.Build.0 = Release|Any CPU
		{1C51A706-4D2C-49D4-972F-CB5075324F5F}.Release|x64.ActiveCfg = Release|Any CPU
		{1C51A706-4D2C-49D4-972F-CB5075324F5F}.Release|x64.Build.0 = Release|Any CPU
		{1C51A706-4D2C-49D4-972F-CB5075324F5F}.Release|x86.ActiveCfg = Release|Any CPU
		{1C51A706-4D2C-49D4-972F-CB5075324F5F}.Release|x86.Build.0 = Release|Any CPU
		{1C51A706-4D2C-49D4-972F-CB5075324F5F}.DesktopRelease|Any CPU.ActiveCfg = Release|Any CPU
		{1C51A706-4D2C-49D4-972F-CB5075324F5F}.DesktopRelease|Any CPU.Build.0 = Release|Any CPU
		{1C51A706-4D2C-49D4-972F-CB5075324F5F}.AndroidRelease|ARM.ActiveCfg = Debug|Any CPU
		{6BEEC517-011A-441E-8A2F-D9461806A879}.Debug|Any CPU.ActiveCfg = Debug|Any CPU
		{6BEEC517-011A-441E-8A2F-D9461806A879}.Debug|Any CPU.Build.0 = Debug|Any CPU
		{6BEEC517-011A-441E-8A2F-D9461806A879}.Debug|ARM.ActiveCfg = Debug|Any CPU
		{6BEEC517-011A-441E-8A2F-D9461806A879}.Debug|ARM.Build.0 = Debug|Any CPU
		{6BEEC517-011A-441E-8A2F-D9461806A879}.Debug|iPhone.ActiveCfg = Debug|Any CPU
		{6BEEC517-011A-441E-8A2F-D9461806A879}.Debug|iPhone.Build.0 = Debug|Any CPU
		{6BEEC517-011A-441E-8A2F-D9461806A879}.Debug|iPhoneSimulator.ActiveCfg = Debug|Any CPU
		{6BEEC517-011A-441E-8A2F-D9461806A879}.Debug|iPhoneSimulator.Build.0 = Debug|Any CPU
		{6BEEC517-011A-441E-8A2F-D9461806A879}.Debug|x64.ActiveCfg = Debug|Any CPU
		{6BEEC517-011A-441E-8A2F-D9461806A879}.Debug|x64.Build.0 = Debug|Any CPU
		{6BEEC517-011A-441E-8A2F-D9461806A879}.Debug|x86.ActiveCfg = Debug|Any CPU
		{6BEEC517-011A-441E-8A2F-D9461806A879}.Debug|x86.Build.0 = Debug|Any CPU
		{6BEEC517-011A-441E-8A2F-D9461806A879}.Release|Any CPU.ActiveCfg = Release|Any CPU
		{6BEEC517-011A-441E-8A2F-D9461806A879}.Release|Any CPU.Build.0 = Release|Any CPU
		{6BEEC517-011A-441E-8A2F-D9461806A879}.Release|ARM.ActiveCfg = Release|Any CPU
		{6BEEC517-011A-441E-8A2F-D9461806A879}.Release|ARM.Build.0 = Release|Any CPU
		{6BEEC517-011A-441E-8A2F-D9461806A879}.Release|iPhone.ActiveCfg = Release|Any CPU
		{6BEEC517-011A-441E-8A2F-D9461806A879}.Release|iPhone.Build.0 = Release|Any CPU
		{6BEEC517-011A-441E-8A2F-D9461806A879}.Release|iPhoneSimulator.ActiveCfg = Release|Any CPU
		{6BEEC517-011A-441E-8A2F-D9461806A879}.Release|iPhoneSimulator.Build.0 = Release|Any CPU
		{6BEEC517-011A-441E-8A2F-D9461806A879}.Release|x64.ActiveCfg = Release|Any CPU
		{6BEEC517-011A-441E-8A2F-D9461806A879}.Release|x64.Build.0 = Release|Any CPU
		{6BEEC517-011A-441E-8A2F-D9461806A879}.Release|x86.ActiveCfg = Release|Any CPU
		{6BEEC517-011A-441E-8A2F-D9461806A879}.Release|x86.Build.0 = Release|Any CPU
		{6BEEC517-011A-441E-8A2F-D9461806A879}.DesktopRelease|Any CPU.ActiveCfg = Release|Any CPU
		{6BEEC517-011A-441E-8A2F-D9461806A879}.DesktopRelease|Any CPU.Build.0 = Release|Any CPU
		{6BEEC517-011A-441E-8A2F-D9461806A879}.AndroidRelease|ARM.ActiveCfg = Release|Any CPU
		{6BEEC517-011A-441E-8A2F-D9461806A879}.AndroidRelease|ARM.Build.0 = Release|Any CPU
		{6A2504D8-3C7F-485E-9793-A51989C6B2B6}.Debug|Any CPU.ActiveCfg = Debug|Any CPU
		{6A2504D8-3C7F-485E-9793-A51989C6B2B6}.Debug|ARM.ActiveCfg = Debug|Any CPU
		{6A2504D8-3C7F-485E-9793-A51989C6B2B6}.Debug|ARM.Build.0 = Debug|Any CPU
		{6A2504D8-3C7F-485E-9793-A51989C6B2B6}.Debug|iPhone.ActiveCfg = Debug|Any CPU
		{6A2504D8-3C7F-485E-9793-A51989C6B2B6}.Debug|iPhone.Build.0 = Debug|Any CPU
		{6A2504D8-3C7F-485E-9793-A51989C6B2B6}.Debug|iPhoneSimulator.ActiveCfg = Debug|Any CPU
		{6A2504D8-3C7F-485E-9793-A51989C6B2B6}.Debug|iPhoneSimulator.Build.0 = Debug|Any CPU
		{6A2504D8-3C7F-485E-9793-A51989C6B2B6}.Debug|x64.ActiveCfg = Debug|Any CPU
		{6A2504D8-3C7F-485E-9793-A51989C6B2B6}.Debug|x64.Build.0 = Debug|Any CPU
		{6A2504D8-3C7F-485E-9793-A51989C6B2B6}.Debug|x86.ActiveCfg = Debug|Any CPU
		{6A2504D8-3C7F-485E-9793-A51989C6B2B6}.Debug|x86.Build.0 = Debug|Any CPU
		{6A2504D8-3C7F-485E-9793-A51989C6B2B6}.Release|Any CPU.ActiveCfg = Release|Any CPU
		{6A2504D8-3C7F-485E-9793-A51989C6B2B6}.Release|ARM.ActiveCfg = Release|Any CPU
		{6A2504D8-3C7F-485E-9793-A51989C6B2B6}.Release|ARM.Build.0 = Release|Any CPU
		{6A2504D8-3C7F-485E-9793-A51989C6B2B6}.Release|iPhone.ActiveCfg = Release|Any CPU
		{6A2504D8-3C7F-485E-9793-A51989C6B2B6}.Release|iPhone.Build.0 = Release|Any CPU
		{6A2504D8-3C7F-485E-9793-A51989C6B2B6}.Release|iPhoneSimulator.ActiveCfg = Release|Any CPU
		{6A2504D8-3C7F-485E-9793-A51989C6B2B6}.Release|iPhoneSimulator.Build.0 = Release|Any CPU
		{6A2504D8-3C7F-485E-9793-A51989C6B2B6}.Release|x64.ActiveCfg = Release|Any CPU
		{6A2504D8-3C7F-485E-9793-A51989C6B2B6}.Release|x64.Build.0 = Release|Any CPU
		{6A2504D8-3C7F-485E-9793-A51989C6B2B6}.Release|x86.ActiveCfg = Release|Any CPU
		{6A2504D8-3C7F-485E-9793-A51989C6B2B6}.Release|x86.Build.0 = Release|Any CPU
		{6A2504D8-3C7F-485E-9793-A51989C6B2B6}.Debug|Any CPU.Build.0 = Debug|Any CPU
		{6A2504D8-3C7F-485E-9793-A51989C6B2B6}.DesktopRelease|Any CPU.ActiveCfg = Debug|Any CPU
		{6A2504D8-3C7F-485E-9793-A51989C6B2B6}.AndroidRelease|ARM.ActiveCfg = Release|Any CPU
		{6A2504D8-3C7F-485E-9793-A51989C6B2B6}.AndroidRelease|ARM.Build.0 = Release|Any CPU
		{4CFB5682-347B-44F4-B592-92FED4DE57BA}.Debug|Any CPU.ActiveCfg = Debug|iPhoneSimulator
		{4CFB5682-347B-44F4-B592-92FED4DE57BA}.Debug|ARM.ActiveCfg = Debug|iPhone
		{4CFB5682-347B-44F4-B592-92FED4DE57BA}.Debug|iPhone.ActiveCfg = Debug|iPhone
		{4CFB5682-347B-44F4-B592-92FED4DE57BA}.Debug|iPhone.Build.0 = Debug|iPhone
		{4CFB5682-347B-44F4-B592-92FED4DE57BA}.Debug|iPhoneSimulator.ActiveCfg = Debug|iPhoneSimulator
		{4CFB5682-347B-44F4-B592-92FED4DE57BA}.Debug|iPhoneSimulator.Build.0 = Debug|iPhoneSimulator
		{4CFB5682-347B-44F4-B592-92FED4DE57BA}.Debug|x64.ActiveCfg = Debug|iPhone
		{4CFB5682-347B-44F4-B592-92FED4DE57BA}.Debug|x86.ActiveCfg = Debug|iPhone
		{4CFB5682-347B-44F4-B592-92FED4DE57BA}.Release|Any CPU.ActiveCfg = Release|iPhone
		{4CFB5682-347B-44F4-B592-92FED4DE57BA}.Release|ARM.ActiveCfg = Release|iPhoneSimulator
		{4CFB5682-347B-44F4-B592-92FED4DE57BA}.Release|iPhone.ActiveCfg = Release|iPhone
		{4CFB5682-347B-44F4-B592-92FED4DE57BA}.Release|iPhone.Build.0 = Release|iPhone
		{4CFB5682-347B-44F4-B592-92FED4DE57BA}.Release|iPhoneSimulator.ActiveCfg = Release|iPhoneSimulator
		{4CFB5682-347B-44F4-B592-92FED4DE57BA}.Release|iPhoneSimulator.Build.0 = Release|iPhoneSimulator
		{4CFB5682-347B-44F4-B592-92FED4DE57BA}.Release|x64.ActiveCfg = Release|iPhoneSimulator
		{4CFB5682-347B-44F4-B592-92FED4DE57BA}.Release|x86.ActiveCfg = Release|iPhoneSimulator
		{4CFB5682-347B-44F4-B592-92FED4DE57BA}.DesktopRelease|Any CPU.ActiveCfg = Debug|iPhoneSimulator
		{4CFB5682-347B-44F4-B592-92FED4DE57BA}.AndroidRelease|ARM.ActiveCfg = Debug|iPhoneSimulator
		{ED5CC880-E60B-452E-AACF-E61ED81504B3}.Debug|Any CPU.ActiveCfg = Debug|Any CPU
		{ED5CC880-E60B-452E-AACF-E61ED81504B3}.Debug|ARM.ActiveCfg = Debug|Any CPU
		{ED5CC880-E60B-452E-AACF-E61ED81504B3}.Debug|ARM.Build.0 = Debug|Any CPU
		{ED5CC880-E60B-452E-AACF-E61ED81504B3}.Debug|ARM.Deploy.0 = Debug|Any CPU
		{ED5CC880-E60B-452E-AACF-E61ED81504B3}.Debug|iPhone.ActiveCfg = Debug|Any CPU
		{ED5CC880-E60B-452E-AACF-E61ED81504B3}.Debug|iPhone.Build.0 = Debug|Any CPU
		{ED5CC880-E60B-452E-AACF-E61ED81504B3}.Debug|iPhoneSimulator.ActiveCfg = Debug|Any CPU
		{ED5CC880-E60B-452E-AACF-E61ED81504B3}.Debug|iPhoneSimulator.Build.0 = Debug|Any CPU
		{ED5CC880-E60B-452E-AACF-E61ED81504B3}.Debug|x64.ActiveCfg = Debug|Any CPU
		{ED5CC880-E60B-452E-AACF-E61ED81504B3}.Debug|x64.Build.0 = Debug|Any CPU
		{ED5CC880-E60B-452E-AACF-E61ED81504B3}.Debug|x64.Deploy.0 = Debug|Any CPU
		{ED5CC880-E60B-452E-AACF-E61ED81504B3}.Debug|x86.ActiveCfg = Debug|Any CPU
		{ED5CC880-E60B-452E-AACF-E61ED81504B3}.Debug|x86.Build.0 = Debug|Any CPU
		{ED5CC880-E60B-452E-AACF-E61ED81504B3}.Debug|x86.Deploy.0 = Debug|Any CPU
		{ED5CC880-E60B-452E-AACF-E61ED81504B3}.Release|Any CPU.ActiveCfg = Release|Any CPU
		{ED5CC880-E60B-452E-AACF-E61ED81504B3}.Release|ARM.ActiveCfg = Release|Any CPU
		{ED5CC880-E60B-452E-AACF-E61ED81504B3}.Release|ARM.Build.0 = Release|Any CPU
		{ED5CC880-E60B-452E-AACF-E61ED81504B3}.Release|ARM.Deploy.0 = Release|Any CPU
		{ED5CC880-E60B-452E-AACF-E61ED81504B3}.Release|iPhone.ActiveCfg = Release|Any CPU
		{ED5CC880-E60B-452E-AACF-E61ED81504B3}.Release|iPhone.Build.0 = Release|Any CPU
		{ED5CC880-E60B-452E-AACF-E61ED81504B3}.Release|iPhoneSimulator.ActiveCfg = Release|Any CPU
		{ED5CC880-E60B-452E-AACF-E61ED81504B3}.Release|iPhoneSimulator.Build.0 = Release|Any CPU
		{ED5CC880-E60B-452E-AACF-E61ED81504B3}.Release|x64.ActiveCfg = Release|Any CPU
		{ED5CC880-E60B-452E-AACF-E61ED81504B3}.Release|x64.Build.0 = Release|Any CPU
		{ED5CC880-E60B-452E-AACF-E61ED81504B3}.Release|x64.Deploy.0 = Release|Any CPU
		{ED5CC880-E60B-452E-AACF-E61ED81504B3}.Release|x86.ActiveCfg = Release|Any CPU
		{ED5CC880-E60B-452E-AACF-E61ED81504B3}.Release|x86.Build.0 = Release|Any CPU
		{ED5CC880-E60B-452E-AACF-E61ED81504B3}.Release|x86.Deploy.0 = Release|Any CPU
		{ED5CC880-E60B-452E-AACF-E61ED81504B3}.DesktopRelease|Any CPU.ActiveCfg = Debug|Any CPU
		{ED5CC880-E60B-452E-AACF-E61ED81504B3}.AndroidRelease|ARM.ActiveCfg = Release|Any CPU
		{ED5CC880-E60B-452E-AACF-E61ED81504B3}.AndroidRelease|ARM.Build.0 = Release|Any CPU
		{2A4114C9-B9B7-41FD-A0EF-EC77AD65DCC1}.Debug|Any CPU.ActiveCfg = Debug|Any CPU
		{2A4114C9-B9B7-41FD-A0EF-EC77AD65DCC1}.Debug|ARM.ActiveCfg = Debug|Any CPU
		{2A4114C9-B9B7-41FD-A0EF-EC77AD65DCC1}.Debug|iPhone.ActiveCfg = Debug|Any CPU
		{2A4114C9-B9B7-41FD-A0EF-EC77AD65DCC1}.Debug|iPhone.Build.0 = Debug|Any CPU
		{2A4114C9-B9B7-41FD-A0EF-EC77AD65DCC1}.Debug|iPhoneSimulator.ActiveCfg = Debug|Any CPU
		{2A4114C9-B9B7-41FD-A0EF-EC77AD65DCC1}.Debug|iPhoneSimulator.Build.0 = Debug|Any CPU
		{2A4114C9-B9B7-41FD-A0EF-EC77AD65DCC1}.Debug|x64.ActiveCfg = Debug|Any CPU
		{2A4114C9-B9B7-41FD-A0EF-EC77AD65DCC1}.Debug|x86.ActiveCfg = Debug|Any CPU
		{2A4114C9-B9B7-41FD-A0EF-EC77AD65DCC1}.Release|Any CPU.ActiveCfg = Release|Any CPU
		{2A4114C9-B9B7-41FD-A0EF-EC77AD65DCC1}.Release|ARM.ActiveCfg = Release|Any CPU
		{2A4114C9-B9B7-41FD-A0EF-EC77AD65DCC1}.Release|iPhone.ActiveCfg = Release|Any CPU
		{2A4114C9-B9B7-41FD-A0EF-EC77AD65DCC1}.Release|iPhone.Build.0 = Release|Any CPU
		{2A4114C9-B9B7-41FD-A0EF-EC77AD65DCC1}.Release|iPhoneSimulator.ActiveCfg = Release|Any CPU
		{2A4114C9-B9B7-41FD-A0EF-EC77AD65DCC1}.Release|iPhoneSimulator.Build.0 = Release|Any CPU
		{2A4114C9-B9B7-41FD-A0EF-EC77AD65DCC1}.Release|x64.ActiveCfg = Release|Any CPU
		{2A4114C9-B9B7-41FD-A0EF-EC77AD65DCC1}.Release|x86.ActiveCfg = Release|Any CPU
		{2A4114C9-B9B7-41FD-A0EF-EC77AD65DCC1}.DesktopRelease|Any CPU.ActiveCfg = Debug|Any CPU
		{2A4114C9-B9B7-41FD-A0EF-EC77AD65DCC1}.AndroidRelease|ARM.ActiveCfg = Debug|Any CPU
		{98152D72-EBE6-4202-810F-79D39058FB4F}.Debug|Any CPU.ActiveCfg = Debug|Any CPU
		{98152D72-EBE6-4202-810F-79D39058FB4F}.Debug|Any CPU.Build.0 = Debug|Any CPU
		{98152D72-EBE6-4202-810F-79D39058FB4F}.Debug|ARM.ActiveCfg = Debug|Any CPU
		{98152D72-EBE6-4202-810F-79D39058FB4F}.Debug|ARM.Build.0 = Debug|Any CPU
		{98152D72-EBE6-4202-810F-79D39058FB4F}.Debug|iPhone.ActiveCfg = Debug|Any CPU
		{98152D72-EBE6-4202-810F-79D39058FB4F}.Debug|iPhone.Build.0 = Debug|Any CPU
		{98152D72-EBE6-4202-810F-79D39058FB4F}.Debug|iPhoneSimulator.ActiveCfg = Debug|Any CPU
		{98152D72-EBE6-4202-810F-79D39058FB4F}.Debug|iPhoneSimulator.Build.0 = Debug|Any CPU
		{98152D72-EBE6-4202-810F-79D39058FB4F}.Debug|x64.ActiveCfg = Debug|Any CPU
		{98152D72-EBE6-4202-810F-79D39058FB4F}.Debug|x64.Build.0 = Debug|Any CPU
		{98152D72-EBE6-4202-810F-79D39058FB4F}.Debug|x86.ActiveCfg = Debug|Any CPU
		{98152D72-EBE6-4202-810F-79D39058FB4F}.Debug|x86.Build.0 = Debug|Any CPU
		{98152D72-EBE6-4202-810F-79D39058FB4F}.Release|Any CPU.ActiveCfg = Release|Any CPU
		{98152D72-EBE6-4202-810F-79D39058FB4F}.Release|Any CPU.Build.0 = Release|Any CPU
		{98152D72-EBE6-4202-810F-79D39058FB4F}.Release|ARM.ActiveCfg = Release|Any CPU
		{98152D72-EBE6-4202-810F-79D39058FB4F}.Release|ARM.Build.0 = Release|Any CPU
		{98152D72-EBE6-4202-810F-79D39058FB4F}.Release|iPhone.ActiveCfg = Release|Any CPU
		{98152D72-EBE6-4202-810F-79D39058FB4F}.Release|iPhone.Build.0 = Release|Any CPU
		{98152D72-EBE6-4202-810F-79D39058FB4F}.Release|iPhoneSimulator.ActiveCfg = Release|Any CPU
		{98152D72-EBE6-4202-810F-79D39058FB4F}.Release|iPhoneSimulator.Build.0 = Release|Any CPU
		{98152D72-EBE6-4202-810F-79D39058FB4F}.Release|x64.ActiveCfg = Release|Any CPU
		{98152D72-EBE6-4202-810F-79D39058FB4F}.Release|x64.Build.0 = Release|Any CPU
		{98152D72-EBE6-4202-810F-79D39058FB4F}.Release|x86.ActiveCfg = Release|Any CPU
		{98152D72-EBE6-4202-810F-79D39058FB4F}.Release|x86.Build.0 = Release|Any CPU
		{98152D72-EBE6-4202-810F-79D39058FB4F}.DesktopRelease|Any CPU.ActiveCfg = Release|Any CPU
		{98152D72-EBE6-4202-810F-79D39058FB4F}.DesktopRelease|Any CPU.Build.0 = Release|Any CPU
		{98152D72-EBE6-4202-810F-79D39058FB4F}.AndroidRelease|ARM.ActiveCfg = Debug|Any CPU
		{7D1DE11B-BB78-485D-BA7A-2F34DD73C242}.Debug|Any CPU.ActiveCfg = Debug|Any CPU
		{7D1DE11B-BB78-485D-BA7A-2F34DD73C242}.Debug|Any CPU.Deploy.0 = Debug|Any CPU
		{7D1DE11B-BB78-485D-BA7A-2F34DD73C242}.Debug|ARM.ActiveCfg = Debug|Any CPU
		{7D1DE11B-BB78-485D-BA7A-2F34DD73C242}.Debug|ARM.Build.0 = Debug|Any CPU
		{7D1DE11B-BB78-485D-BA7A-2F34DD73C242}.Debug|ARM.Deploy.0 = Debug|Any CPU
		{7D1DE11B-BB78-485D-BA7A-2F34DD73C242}.Debug|iPhone.ActiveCfg = Debug|Any CPU
		{7D1DE11B-BB78-485D-BA7A-2F34DD73C242}.Debug|iPhone.Build.0 = Debug|Any CPU
		{7D1DE11B-BB78-485D-BA7A-2F34DD73C242}.Debug|iPhone.Deploy.0 = Debug|Any CPU
		{7D1DE11B-BB78-485D-BA7A-2F34DD73C242}.Debug|iPhoneSimulator.ActiveCfg = Debug|Any CPU
		{7D1DE11B-BB78-485D-BA7A-2F34DD73C242}.Debug|iPhoneSimulator.Build.0 = Debug|Any CPU
		{7D1DE11B-BB78-485D-BA7A-2F34DD73C242}.Debug|iPhoneSimulator.Deploy.0 = Debug|Any CPU
		{7D1DE11B-BB78-485D-BA7A-2F34DD73C242}.Debug|x64.ActiveCfg = Debug|Any CPU
		{7D1DE11B-BB78-485D-BA7A-2F34DD73C242}.Debug|x64.Build.0 = Debug|Any CPU
		{7D1DE11B-BB78-485D-BA7A-2F34DD73C242}.Debug|x64.Deploy.0 = Debug|Any CPU
		{7D1DE11B-BB78-485D-BA7A-2F34DD73C242}.Debug|x86.ActiveCfg = Debug|Any CPU
		{7D1DE11B-BB78-485D-BA7A-2F34DD73C242}.Debug|x86.Build.0 = Debug|Any CPU
		{7D1DE11B-BB78-485D-BA7A-2F34DD73C242}.Debug|x86.Deploy.0 = Debug|Any CPU
		{7D1DE11B-BB78-485D-BA7A-2F34DD73C242}.Release|Any CPU.ActiveCfg = Release|Any CPU
		{7D1DE11B-BB78-485D-BA7A-2F34DD73C242}.Release|Any CPU.Deploy.0 = Release|Any CPU
		{7D1DE11B-BB78-485D-BA7A-2F34DD73C242}.Release|ARM.ActiveCfg = Release|Any CPU
		{7D1DE11B-BB78-485D-BA7A-2F34DD73C242}.Release|ARM.Build.0 = Release|Any CPU
		{7D1DE11B-BB78-485D-BA7A-2F34DD73C242}.Release|ARM.Deploy.0 = Release|Any CPU
		{7D1DE11B-BB78-485D-BA7A-2F34DD73C242}.Release|iPhone.ActiveCfg = Release|Any CPU
		{7D1DE11B-BB78-485D-BA7A-2F34DD73C242}.Release|iPhone.Build.0 = Release|Any CPU
		{7D1DE11B-BB78-485D-BA7A-2F34DD73C242}.Release|iPhone.Deploy.0 = Release|Any CPU
		{7D1DE11B-BB78-485D-BA7A-2F34DD73C242}.Release|iPhoneSimulator.ActiveCfg = Release|Any CPU
		{7D1DE11B-BB78-485D-BA7A-2F34DD73C242}.Release|iPhoneSimulator.Build.0 = Release|Any CPU
		{7D1DE11B-BB78-485D-BA7A-2F34DD73C242}.Release|iPhoneSimulator.Deploy.0 = Release|Any CPU
		{7D1DE11B-BB78-485D-BA7A-2F34DD73C242}.Release|x64.ActiveCfg = Release|Any CPU
		{7D1DE11B-BB78-485D-BA7A-2F34DD73C242}.Release|x64.Build.0 = Release|Any CPU
		{7D1DE11B-BB78-485D-BA7A-2F34DD73C242}.Release|x64.Deploy.0 = Release|Any CPU
		{7D1DE11B-BB78-485D-BA7A-2F34DD73C242}.Release|x86.ActiveCfg = Release|Any CPU
		{7D1DE11B-BB78-485D-BA7A-2F34DD73C242}.Release|x86.Build.0 = Release|Any CPU
		{7D1DE11B-BB78-485D-BA7A-2F34DD73C242}.Release|x86.Deploy.0 = Release|Any CPU
		{7D1DE11B-BB78-485D-BA7A-2F34DD73C242}.DesktopRelease|Any CPU.ActiveCfg = Debug|Any CPU
		{7D1DE11B-BB78-485D-BA7A-2F34DD73C242}.AndroidRelease|ARM.ActiveCfg = Release|Any CPU
		{7D1DE11B-BB78-485D-BA7A-2F34DD73C242}.AndroidRelease|ARM.Build.0 = Release|Any CPU
		{74B55CE9-F287-406C-86BF-B2599756230A}.Debug|Any CPU.ActiveCfg = Debug|iPhone
		{74B55CE9-F287-406C-86BF-B2599756230A}.Debug|ARM.ActiveCfg = Debug|iPhone
		{74B55CE9-F287-406C-86BF-B2599756230A}.Debug|iPhone.ActiveCfg = Debug|iPhone
		{74B55CE9-F287-406C-86BF-B2599756230A}.Debug|iPhone.Build.0 = Debug|iPhone
		{74B55CE9-F287-406C-86BF-B2599756230A}.Debug|iPhoneSimulator.ActiveCfg = Debug|iPhoneSimulator
		{74B55CE9-F287-406C-86BF-B2599756230A}.Debug|iPhoneSimulator.Build.0 = Debug|iPhoneSimulator
		{74B55CE9-F287-406C-86BF-B2599756230A}.Debug|x64.ActiveCfg = Debug|iPhoneSimulator
		{74B55CE9-F287-406C-86BF-B2599756230A}.Debug|x86.ActiveCfg = Debug|iPhone
		{74B55CE9-F287-406C-86BF-B2599756230A}.Release|Any CPU.ActiveCfg = Release|iPhone
		{74B55CE9-F287-406C-86BF-B2599756230A}.Release|ARM.ActiveCfg = Release|iPhone
		{74B55CE9-F287-406C-86BF-B2599756230A}.Release|iPhone.ActiveCfg = Release|iPhone
		{74B55CE9-F287-406C-86BF-B2599756230A}.Release|iPhone.Build.0 = Release|iPhone
		{74B55CE9-F287-406C-86BF-B2599756230A}.Release|iPhoneSimulator.ActiveCfg = Release|iPhoneSimulator
		{74B55CE9-F287-406C-86BF-B2599756230A}.Release|iPhoneSimulator.Build.0 = Release|iPhoneSimulator
		{74B55CE9-F287-406C-86BF-B2599756230A}.Release|x64.ActiveCfg = Release|iPhoneSimulator
		{74B55CE9-F287-406C-86BF-B2599756230A}.Release|x86.ActiveCfg = Release|iPhone
		{74B55CE9-F287-406C-86BF-B2599756230A}.DesktopRelease|Any CPU.ActiveCfg = Debug|iPhoneSimulator
		{74B55CE9-F287-406C-86BF-B2599756230A}.AndroidRelease|ARM.ActiveCfg = Debug|iPhoneSimulator
		{08B4A341-7413-4D04-AFAE-752C55B8CD28}.Debug|Any CPU.ActiveCfg = Debug|Any CPU
		{08B4A341-7413-4D04-AFAE-752C55B8CD28}.Debug|ARM.ActiveCfg = Debug|Any CPU
		{08B4A341-7413-4D04-AFAE-752C55B8CD28}.Debug|ARM.Build.0 = Debug|Any CPU
		{08B4A341-7413-4D04-AFAE-752C55B8CD28}.Debug|iPhone.ActiveCfg = Debug|Any CPU
		{08B4A341-7413-4D04-AFAE-752C55B8CD28}.Debug|iPhone.Build.0 = Debug|Any CPU
		{08B4A341-7413-4D04-AFAE-752C55B8CD28}.Debug|iPhoneSimulator.ActiveCfg = Debug|Any CPU
		{08B4A341-7413-4D04-AFAE-752C55B8CD28}.Debug|iPhoneSimulator.Build.0 = Debug|Any CPU
		{08B4A341-7413-4D04-AFAE-752C55B8CD28}.Debug|x64.ActiveCfg = Debug|Any CPU
		{08B4A341-7413-4D04-AFAE-752C55B8CD28}.Debug|x64.Build.0 = Debug|Any CPU
		{08B4A341-7413-4D04-AFAE-752C55B8CD28}.Debug|x86.ActiveCfg = Debug|Any CPU
		{08B4A341-7413-4D04-AFAE-752C55B8CD28}.Debug|x86.Build.0 = Debug|Any CPU
		{08B4A341-7413-4D04-AFAE-752C55B8CD28}.Release|Any CPU.ActiveCfg = Release|Any CPU
		{08B4A341-7413-4D04-AFAE-752C55B8CD28}.Release|ARM.ActiveCfg = Release|Any CPU
		{08B4A341-7413-4D04-AFAE-752C55B8CD28}.Release|ARM.Build.0 = Release|Any CPU
		{08B4A341-7413-4D04-AFAE-752C55B8CD28}.Release|iPhone.ActiveCfg = Release|Any CPU
		{08B4A341-7413-4D04-AFAE-752C55B8CD28}.Release|iPhone.Build.0 = Release|Any CPU
		{08B4A341-7413-4D04-AFAE-752C55B8CD28}.Release|iPhoneSimulator.ActiveCfg = Release|Any CPU
		{08B4A341-7413-4D04-AFAE-752C55B8CD28}.Release|iPhoneSimulator.Build.0 = Release|Any CPU
		{08B4A341-7413-4D04-AFAE-752C55B8CD28}.Release|x64.ActiveCfg = Release|Any CPU
		{08B4A341-7413-4D04-AFAE-752C55B8CD28}.Release|x64.Build.0 = Release|Any CPU
		{08B4A341-7413-4D04-AFAE-752C55B8CD28}.Release|x86.ActiveCfg = Release|Any CPU
		{08B4A341-7413-4D04-AFAE-752C55B8CD28}.Release|x86.Build.0 = Release|Any CPU
		{08B4A341-7413-4D04-AFAE-752C55B8CD28}.DesktopRelease|Any CPU.ActiveCfg = Debug|Any CPU
		{08B4A341-7413-4D04-AFAE-752C55B8CD28}.AndroidRelease|ARM.ActiveCfg = Debug|Any CPU
		{BFB62B1A-8E55-4EA9-84E9-23B02240A4A2}.Debug|Any CPU.ActiveCfg = Debug|Any CPU
		{BFB62B1A-8E55-4EA9-84E9-23B02240A4A2}.Debug|Any CPU.Build.0 = Debug|Any CPU
		{BFB62B1A-8E55-4EA9-84E9-23B02240A4A2}.Debug|ARM.ActiveCfg = Debug|Any CPU
		{BFB62B1A-8E55-4EA9-84E9-23B02240A4A2}.Debug|ARM.Build.0 = Debug|Any CPU
		{BFB62B1A-8E55-4EA9-84E9-23B02240A4A2}.Debug|iPhone.ActiveCfg = Debug|Any CPU
		{BFB62B1A-8E55-4EA9-84E9-23B02240A4A2}.Debug|iPhone.Build.0 = Debug|Any CPU
		{BFB62B1A-8E55-4EA9-84E9-23B02240A4A2}.Debug|iPhoneSimulator.ActiveCfg = Debug|Any CPU
		{BFB62B1A-8E55-4EA9-84E9-23B02240A4A2}.Debug|iPhoneSimulator.Build.0 = Debug|Any CPU
		{BFB62B1A-8E55-4EA9-84E9-23B02240A4A2}.Debug|x64.ActiveCfg = Debug|Any CPU
		{BFB62B1A-8E55-4EA9-84E9-23B02240A4A2}.Debug|x64.Build.0 = Debug|Any CPU
		{BFB62B1A-8E55-4EA9-84E9-23B02240A4A2}.Debug|x86.ActiveCfg = Debug|Any CPU
		{BFB62B1A-8E55-4EA9-84E9-23B02240A4A2}.Debug|x86.Build.0 = Debug|Any CPU
		{BFB62B1A-8E55-4EA9-84E9-23B02240A4A2}.Release|Any CPU.ActiveCfg = Release|Any CPU
		{BFB62B1A-8E55-4EA9-84E9-23B02240A4A2}.Release|Any CPU.Build.0 = Release|Any CPU
		{BFB62B1A-8E55-4EA9-84E9-23B02240A4A2}.Release|ARM.ActiveCfg = Release|Any CPU
		{BFB62B1A-8E55-4EA9-84E9-23B02240A4A2}.Release|ARM.Build.0 = Release|Any CPU
		{BFB62B1A-8E55-4EA9-84E9-23B02240A4A2}.Release|iPhone.ActiveCfg = Release|Any CPU
		{BFB62B1A-8E55-4EA9-84E9-23B02240A4A2}.Release|iPhone.Build.0 = Release|Any CPU
		{BFB62B1A-8E55-4EA9-84E9-23B02240A4A2}.Release|iPhoneSimulator.ActiveCfg = Release|Any CPU
		{BFB62B1A-8E55-4EA9-84E9-23B02240A4A2}.Release|iPhoneSimulator.Build.0 = Release|Any CPU
		{BFB62B1A-8E55-4EA9-84E9-23B02240A4A2}.Release|x64.ActiveCfg = Release|Any CPU
		{BFB62B1A-8E55-4EA9-84E9-23B02240A4A2}.Release|x64.Build.0 = Release|Any CPU
		{BFB62B1A-8E55-4EA9-84E9-23B02240A4A2}.Release|x86.ActiveCfg = Release|Any CPU
		{BFB62B1A-8E55-4EA9-84E9-23B02240A4A2}.Release|x86.Build.0 = Release|Any CPU
		{BFB62B1A-8E55-4EA9-84E9-23B02240A4A2}.DesktopRelease|Any CPU.ActiveCfg = Release|Any CPU
		{BFB62B1A-8E55-4EA9-84E9-23B02240A4A2}.DesktopRelease|Any CPU.Build.0 = Release|Any CPU
		{BFB62B1A-8E55-4EA9-84E9-23B02240A4A2}.AndroidRelease|ARM.ActiveCfg = Debug|Any CPU
	EndGlobalSection
	GlobalSection(SolutionProperties) = preSolution
		HideSolutionNode = FALSE
	EndGlobalSection
	GlobalSection(NestedProjects) = preSolution
		{1C51A706-4D2C-49D4-972F-CB5075324F5F} = {20EEBD7A-005B-4230-81B5-2B83B6390840}
		{6BEEC517-011A-441E-8A2F-D9461806A879} = {20EEBD7A-005B-4230-81B5-2B83B6390840}
		{6A2504D8-3C7F-485E-9793-A51989C6B2B6} = {20EEBD7A-005B-4230-81B5-2B83B6390840}
		{4CFB5682-347B-44F4-B592-92FED4DE57BA} = {8F78C1CA-46EE-4DA6-8C5E-46CB5306ABFE}
		{ED5CC880-E60B-452E-AACF-E61ED81504B3} = {8F78C1CA-46EE-4DA6-8C5E-46CB5306ABFE}
		{9C80E5AC-7047-435B-8A42-01E9FD6519BF} = {8F78C1CA-46EE-4DA6-8C5E-46CB5306ABFE}
		{2A4114C9-B9B7-41FD-A0EF-EC77AD65DCC1} = {8F78C1CA-46EE-4DA6-8C5E-46CB5306ABFE}
		{98152D72-EBE6-4202-810F-79D39058FB4F} = {8F78C1CA-46EE-4DA6-8C5E-46CB5306ABFE}
		{7D1DE11B-BB78-485D-BA7A-2F34DD73C242} = {C3CAB26E-B5C5-441F-ABA4-DDAF8E5C5CBA}
		{74B55CE9-F287-406C-86BF-B2599756230A} = {C3CAB26E-B5C5-441F-ABA4-DDAF8E5C5CBA}
		{2391EE55-B702-4B11-B164-1963621F1161} = {C3CAB26E-B5C5-441F-ABA4-DDAF8E5C5CBA}
		{08B4A341-7413-4D04-AFAE-752C55B8CD28} = {C3CAB26E-B5C5-441F-ABA4-DDAF8E5C5CBA}
		{BFB62B1A-8E55-4EA9-84E9-23B02240A4A2} = {C3CAB26E-B5C5-441F-ABA4-DDAF8E5C5CBA}
	EndGlobalSection
	GlobalSection(MonoDevelopProperties) = preSolution
		Policies = $0
		$0.DotNetNamingPolicy = $1
		$1.DirectoryNamespaceAssociation = None
		$1.ResourceNamePolicy = FileFormatDefault
		$0.TextStylePolicy = $5
		$5.FileWidth = 120
		$5.TabsToSpaces = False
		$5.inheritsSet = VisualStudio
		$5.inheritsScope = text/plain
	EndGlobalSection
EndGlobal
